version: 7
platforms:
- name: win-64
  virtual-packages:
  - __win=10.0
  - __archspec=0=x86_64
environments:
  default:
    channels:
    - url: https://conda.anaconda.org/conda-forge/
    packages:
      win-64:
      - conda: https://conda.anaconda.org/conda-forge/noarch/annotated-doc-0.0.5-pyhcf101f3_0.conda
      - conda: https://conda.anaconda.org/conda-forge/noarch/annotated-types-0.8.0-pyhd8ed1ab_0.conda
      - conda: https://conda.anaconda.org/conda-forge/noarch/anyio-4.14.2-pyhcf101f3_0.conda
      - conda: https://conda.anaconda.org/conda-forge/noarch/ca-certificates-2026.7.22-h4c7d964_0.conda
      - conda: https://conda.anaconda.org/conda-forge/noarch/certifi-2026.7.22-pyhd8ed1ab_0.conda
      - conda: https://conda.anaconda.org/conda-forge/noarch/click-8.4.2-pyh6dadd2b_0.conda
      - conda: https://conda.anaconda.org/conda-forge/noarch/colorama-0.4.6-pyhd8ed1ab_1.conda
      - conda: https://conda.anaconda.org/conda-forge/noarch/diskcache-5.6.3-pyhd8ed1ab_1.conda
      - conda: https://conda.anaconda.org/conda-forge/noarch/dnspython-2.8.0-pyhcf101f3_0.conda
      - conda: https://conda.anaconda.org/conda-forge/noarch/email-validator-2.3.0-pyhd8ed1ab_0.conda
      - conda: https://conda.anaconda.org/conda-forge/noarch/email_validator-2.3.0-hd8ed1ab_0.conda
      - conda: https://conda.anaconda.org/conda-forge/noarch/exceptiongroup-1.3.1-pyhd8ed1ab_0.conda
      - conda: https://conda.anaconda.org/conda-forge/noarch/fastapi-0.141.1-h76d476e_0.conda
      - conda: https://conda.anaconda.org/conda-forge/noarch/fastapi-cli-0.0.32-pyhcf101f3_0.conda
      - conda: https://conda.anaconda.org/conda-forge/noarch/fastapi-core-0.141.1-pyhcf101f3_0.conda
      - conda: https://conda.anaconda.org/conda-forge/noarch/h11-0.16.0-pyhcf101f3_1.conda
      - conda: https://conda.anaconda.org/conda-forge/noarch/h2-4.4.1-pyhcf101f3_0.conda
      - conda: https://conda.anaconda.org/conda-forge/noarch/hpack-4.2.0-pyhd8ed1ab_0.conda
      - conda: https://conda.anaconda.org/conda-forge/noarch/httpcore-1.0.9-pyh29332c3_0.conda
      - conda: https://conda.anaconda.org/conda-forge/noarch/httpx-0.28.1-pyhd8ed1ab_0.conda
      - conda: https://conda.anaconda.org/conda-forge/noarch/hyperframe-6.1.0-pyhd8ed1ab_0.conda
      - conda: https://conda.anaconda.org/conda-forge/noarch/idna-3.18-pyhcf101f3_0.conda
      - conda: https://conda.anaconda.org/conda-forge/noarch/jinja2-3.1.6-pyhcf101f3_1.conda
      - conda: https://conda.anaconda.org/conda-forge/noarch/markdown-it-py-4.2.0-pyhd8ed1ab_0.conda
      - conda: https://conda.anaconda.org/conda-forge/noarch/mdurl-0.1.2-pyhd8ed1ab_1.conda
      - conda: https://conda.anaconda.org/conda-forge/noarch/pydantic-2.13.4-pyhcf101f3_0.conda
      - conda: https://conda.anaconda.org/conda-forge/noarch/pydantic-extra-types-2.11.1-pyhcf101f3_0.conda
      - conda: https://conda.anaconda.org/conda-forge/noarch/pydantic-settings-2.15.0-pyhcf101f3_0.conda
      - conda: https://conda.anaconda.org/conda-forge/noarch/pygments-2.20.0-pyhd8ed1ab_0.conda
      - conda: https://conda.anaconda.org/conda-forge/noarch/python-dotenv-1.2.2-pyhcf101f3_0.conda
      - conda: https://conda.anaconda.org/conda-forge/noarch/python-multipart-0.0.32-pyhcf101f3_0.conda
      - conda: https://conda.anaconda.org/conda-forge/noarch/python_abi-3.11-8_cp311.conda
      - conda: https://conda.anaconda.org/conda-forge/noarch/rich-15.0.0-pyhcf101f3_0.conda
      - conda: https://conda.anaconda.org/conda-forge/noarch/rich-toolkit-0.20.3-pyhcf101f3_0.conda
      - conda: https://conda.anaconda.org/conda-forge/noarch/shellingham-1.5.4-pyhd8ed1ab_2.conda
      - conda: https://conda.anaconda.org/conda-forge/noarch/sniffio-1.3.1-pyhd8ed1ab_2.conda
      - conda: https://conda.anaconda.org/conda-forge/noarch/sse-starlette-3.4.8-pyhd8ed1ab_0.conda
      - conda: https://conda.anaconda.org/conda-forge/noarch/starlette-1.6.0-pyhcf101f3_0.conda
      - conda: https://conda.anaconda.org/conda-forge/noarch/starlette-context-0.3.6-pyhd8ed1ab_1.conda
      - conda: https://conda.anaconda.org/conda-forge/noarch/tomli-2.4.1-pyhcf101f3_0.conda
      - conda: https://conda.anaconda.org/conda-forge/noarch/typer-0.27.1-pyhcf101f3_0.conda
      - conda: https://conda.anaconda.org/conda-forge/noarch/typing-extensions-4.16.0-h69aa097_0.conda
      - conda: https://conda.anaconda.org/conda-forge/noarch/typing-inspection-0.4.3-pyhcf101f3_0.conda
      - conda: https://conda.anaconda.org/conda-forge/noarch/typing_extensions-4.16.0-pyhcf101f3_0.conda
      - conda: https://conda.anaconda.org/conda-forge/noarch/tzdata-2026c-h151e31d_0.conda
      - conda: https://conda.anaconda.org/conda-forge/noarch/uvicorn-0.52.3-pyh6dadd2b_0.conda
      - conda: https://conda.anaconda.org/conda-forge/noarch/uvicorn-standard-0.52.3-hab989a9_0.conda
      - conda: https://conda.anaconda.org/conda-forge/win-64/bzip2-1.0.8-h0ad9c76_10.conda
      - conda: https://conda.anaconda.org/conda-forge/win-64/fastar-0.11.0-py311h8a1b207_0.conda
      - conda: https://conda.anaconda.org/conda-forge/win-64/glslang-16.5.0-h8fa7867_1.conda
      - conda: https://conda.anaconda.org/conda-forge/win-64/httptools-0.8.0-py311h3485c13_0.conda
      - conda: https://conda.anaconda.org/conda-forge/win-64/icu-78.3-h5112557_2.conda
      - conda: https://conda.anaconda.org/conda-forge/win-64/krb5-1.22.2-h719d79b_1.conda
      - conda: https://conda.anaconda.org/conda-forge/win-64/libblas-3.11.0-9_h8455456_mkl.conda
      - conda: https://conda.anaconda.org/conda-forge/win-64/libcblas-3.11.0-9_h2a3cdd5_mkl.conda
      - conda: https://conda.anaconda.org/conda-forge/win-64/libcurl-8.21.0-hdb0ef4a_4.conda
      - conda: https://conda.anaconda.org/conda-forge/win-64/libexpat-2.8.1-hac47afa_1.conda
      - conda: https://conda.anaconda.org/conda-forge/win-64/libffi-3.7.0-h3d046cb_0.conda
      - conda: https://conda.anaconda.org/conda-forge/win-64/libhwloc-2.13.0-default_h049141e_1000.conda
      - conda: https://conda.anaconda.org/conda-forge/win-64/libiconv-1.18-hc1393d2_2.conda
      - conda: https://conda.anaconda.org/conda-forge/win-64/liblapack-3.11.0-9_hf9ab0e9_mkl.conda
      - conda: https://conda.anaconda.org/conda-forge/win-64/liblzma-5.8.3-hfd05255_1.conda
      - conda: https://conda.anaconda.org/conda-forge/win-64/libpsl-0.23.1-h9b16d47_0.conda
      - conda: https://conda.anaconda.org/conda-forge/win-64/libsqlite-3.53.4-hf5d6505_0.conda
      - conda: https://conda.anaconda.org/conda-forge/win-64/libssh2-1.11.1-h734d217_1.conda
      - conda: https://conda.anaconda.org/conda-forge/win-64/libvulkan-loader-1.4.357.0-h477610d_0.conda
      - conda: https://conda.anaconda.org/conda-forge/win-64/libwinpthread-12.0.0.r4.gg4f2fc60ca-h57928b3_10.conda
      - conda: https://conda.anaconda.org/conda-forge/win-64/libxml2-16-2.15.3-h3cfd58e_0.conda
      - conda: https://conda.anaconda.org/conda-forge/win-64/libxml2-2.15.3-h8ef44ab_0.conda
      - conda: https://conda.anaconda.org/conda-forge/win-64/libzlib-1.3.2-hfd05255_3.conda
      - conda: https://conda.anaconda.org/conda-forge/win-64/llama-cpp-python-0.3.34-py311h5dfdfe8_1.conda
      - conda: https://conda.anaconda.org/conda-forge/win-64/llama.cpp-9923-cpu_mkl_h8c7e50b_0.conda
      - conda: https://conda.anaconda.org/conda-forge/win-64/llvm-openmp-22.1.8-h4fa8253_0.conda
      - conda: https://conda.anaconda.org/conda-forge/win-64/markupsafe-3.0.3-py311h3f79411_1.conda
      - conda: https://conda.anaconda.org/conda-forge/win-64/mkl-2026.1.0-hac47afa_234.conda
      - conda: https://conda.anaconda.org/conda-forge/win-64/numpy-2.4.6-py311h65cb7f3_0.conda
      - conda: https://conda.anaconda.org/conda-forge/win-64/openssl-3.6.3-hf411b9b_1.conda
      - conda: https://conda.anaconda.org/conda-forge/win-64/pydantic-core-2.46.4-py311hf51aa87_0.conda
      - conda: https://conda.anaconda.org/conda-forge/win-64/python-3.11.15-hb12b558_2_cpython.conda
      - conda: https://conda.anaconda.org/conda-forge/win-64/pyyaml-6.0.3-py311h3f79411_1.conda
      - conda: https://conda.anaconda.org/conda-forge/win-64/shaderc-2026.2-h8fa7867_0.conda
      - conda: https://conda.anaconda.org/conda-forge/win-64/spirv-tools-2026.2-h49e36cd_3.conda
      - conda: https://conda.anaconda.org/conda-forge/win-64/tbb-2023.0.0-hd3d4ead_2.conda
      - conda: https://conda.anaconda.org/conda-forge/win-64/tk-8.6.13-h967ab96_3.conda
      - conda: https://conda.anaconda.org/conda-forge/win-64/ucrt-10.0.26100.0-h57928b3_0.conda
      - conda: https://conda.anaconda.org/conda-forge/win-64/vc-14.5-ha367084_41.conda
      - conda: https://conda.anaconda.org/conda-forge/win-64/vc14_runtime-14.51.36247-habf1de7_41.conda
      - conda: https://conda.anaconda.org/conda-forge/win-64/vcomp14-14.51.36247-habf1de7_41.conda
      - conda: https://conda.anaconda.org/conda-forge/win-64/watchfiles-1.2.0-py311h7337c20_1.conda
      - conda: https://conda.anaconda.org/conda-forge/win-64/websockets-17.0.1-py311h4ea48c9_0.conda
      - conda: https://conda.anaconda.org/conda-forge/win-64/yaml-0.2.5-h6a83c73_3.conda
      - conda: https://conda.anaconda.org/conda-forge/win-64/zstd-1.5.7-h534d264_7.conda
packages:
- conda: https://conda.anaconda.org/conda-forge/noarch/annotated-doc-0.0.5-pyhcf101f3_0.conda
  sha256: a0a320c709fded9b5178108dedebf81a1f5a5d9c7720e3af50c1ab058dadd296
  md5: d68ec17cb915cab4642357417ec0a104
  depends:
  - python >=3.10
  - python
  license: MIT
  license_family: MIT
  run_exports: {}
  size: 16785
  timestamp: 1785335690199
- conda: https://conda.anaconda.org/conda-forge/noarch/annotated-types-0.8.0-pyhd8ed1ab_0.conda
  sha256: b8fcb994134d3918d1c64a9d62f4168ff85d5bfb89e698102fe4ed679fe0df24
  md5: 108c928d2a8551832dbc762b535e90bb
  depends:
  - python >=3.10
  - typing-extensions >=4.0.0
  license: MIT
  license_family: MIT
  run_exports: {}
  size: 19461
  timestamp: 1784935220549
- conda: https://conda.anaconda.org/conda-forge/noarch/anyio-4.14.2-pyhcf101f3_0.conda
  sha256: e36998c5e860e26b22e5dbcd5726dd0c4eabad949c84d383cad8512757bbf6a1
  md5: fb568fbae6908ba86a090a85a089d11f
  depends:
  - exceptiongroup >=1.0.2
  - idna >=2.8
  - python >=3.10
  - typing_extensions >=4.5
  - python
  constrains:
  - trio >=0.32.0
  - uvloop >=0.22.1
  - winloop >=0.2.3
  license: MIT
  license_family: MIT
  run_exports: {}
  size: 164465
  timestamp: 1783889660383
- conda: https://conda.anaconda.org/conda-forge/noarch/ca-certificates-2026.7.22-h4c7d964_0.conda
  sha256: 95e8e74062a5fe5f870ac8c90302b6e89945165fdaed7810606e84ddee6aac12
  md5: e27d2ac27b096dc51fedfcf775a53f9b
  depends:
  - __win
  license: ISC
  run_exports: {}
  size: 132136
  timestamp: 1784754918886
- conda: https://conda.anaconda.org/conda-forge/noarch/certifi-2026.7.22-pyhd8ed1ab_0.conda
  sha256: fb167de4388e64e52aa3907ed099afab944c1fa6e5f74b281a312dae1bcf7f3b
  md5: 37e13edbe3b48f1095a9d085ef9cd83b
  depends:
  - python >=3.10
  license: ISC
  run_exports: {}
  size: 137015
  timestamp: 1784717699092
- conda: https://conda.anaconda.org/conda-forge/noarch/click-8.4.2-pyh6dadd2b_0.conda
  sha256: 5b5c96afdd801dd9c3b78ebc2cd9a9f3ce34186257415d394dde1aa8468aa3c0
  md5: 8a0d65027e25e367f9f1754f0604e8de
  depends:
  - __win
  - colorama
  - python >=3.10
  - python
  license: BSD-3-Clause
  license_family: BSD
  run_exports: {}
  size: 106227
  timestamp: 1783085395110
- conda: https://conda.anaconda.org/conda-forge/noarch/colorama-0.4.6-pyhd8ed1ab_1.conda
  sha256: ab29d57dc70786c1269633ba3dff20288b81664d3ff8d21af995742e2bb03287
  md5: 962b9857ee8e7018c22f2776ffa0b2d7
  depends:
  - python >=3.9
  license: BSD-3-Clause
  license_family: BSD
  run_exports: {}
  size: 27011
  timestamp: 1733218222191
- conda: https://conda.anaconda.org/conda-forge/noarch/diskcache-5.6.3-pyhd8ed1ab_1.conda
  sha256: 8430e56d52fe9eb46543d29c4c01388d5e085478d25b93a7c06d0a867648c5c5
  md5: 1c33d47dcfb2f90c80c6d2213f9d65d7
  depends:
  - python >=3.9
  license: Apache-2.0
  license_family: Apache
  run_exports: {}
  size: 40077
  timestamp: 1734196372938
- conda: https://conda.anaconda.org/conda-forge/noarch/dnspython-2.8.0-pyhcf101f3_0.conda
  sha256: ef1e7b8405997ed3d6e2b6722bd7088d4a8adf215e7c88335582e65651fb4e05
  md5: d73fdc05f10693b518f52c994d748c19
  depends:
  - python >=3.10,<4.0.0
  - sniffio
  - python
  constrains:
  - aioquic >=1.2.0
  - cryptography >=45
  - httpcore >=1.0.0
  - httpx >=0.28.0
  - h2 >=4.2.0
  - idna >=3.10
  - trio >=0.30
  - wmi >=1.5.1
  license: ISC
  run_exports: {}
  size: 196500
  timestamp: 1757292856922
- conda: https://conda.anaconda.org/conda-forge/noarch/email-validator-2.3.0-pyhd8ed1ab_0.conda
  sha256: c37320864c35ef996b0e02e289df6ee89582d6c8e233e18dc9983375803c46bb
  md5: 3bc0ac31178387e8ed34094d9481bfe8
  depends:
  - dnspython >=2.0.0
  - idna >=2.0.0
  - python >=3.10
  license: Unlicense
  run_exports: {}
  size: 46767
  timestamp: 1756221480106
- conda: https://conda.anaconda.org/conda-forge/noarch/email_validator-2.3.0-hd8ed1ab_0.conda
  sha256: 6a518e00d040fcad016fb2dde29672aa3476cd9ae33ea5b7b257222e66037d89
  md5: 2452e434747a6b742adc5045f2182a8e
  depends:
  - email-validator >=2.3.0,<2.3.1.0a0
  license: Unlicense
  run_exports: {}
  size: 7077
  timestamp: 1756221480651
- conda: https://conda.anaconda.org/conda-forge/noarch/exceptiongroup-1.3.1-pyhd8ed1ab_0.conda
  sha256: ee6cf346d017d954255bbcbdb424cddea4d14e4ed7e9813e429db1d795d01144
  md5: 8e662bd460bda79b1ea39194e3c4c9ab
  depends:
  - python >=3.10
  - typing_extensions >=4.6.0
  license: MIT and PSF-2.0
  run_exports: {}
  size: 21333
  timestamp: 1763918099466
- conda: https://conda.anaconda.org/conda-forge/noarch/fastapi-0.141.1-h76d476e_0.conda
  sha256: e02b67926bf38b65c05761914981939b9f06e252b5a06f4fe1e803c6ba0692a2
  md5: f17ba6ff4f4bd297242b084e798f2b98
  depends:
  - fastapi-core ==0.141.1 pyhcf101f3_0
  - email_validator
  - fastapi-cli
  - fastar
  - httpx
  - jinja2
  - pydantic-extra-types
  - pydantic-settings
  - python-multipart
  - uvicorn-standard
  license: MIT
  license_family: MIT
  run_exports: {}
  size: 4836
  timestamp: 1785373461610
- conda: https://conda.anaconda.org/conda-forge/noarch/fastapi-cli-0.0.32-pyhcf101f3_0.conda
  sha256: 904e4b2abe0345ac9a51d2f64b716918ef3a9ad496252f8874864fb0ffbe8d31
  md5: 873835dd2a01dd8844086f1cde2067ce
  depends:
  - python >=3.10
  - rich-toolkit >=0.14.8
  - tomli >=2.0.0
  - typer >=0.16
  - uvicorn-standard >=0.15.0
  - python
  license: MIT
  license_family: MIT
  run_exports: {}
  size: 20791
  timestamp: 1784211753962
- conda: https://conda.anaconda.org/conda-forge/noarch/fastapi-core-0.141.1-pyhcf101f3_0.conda
  sha256: c25dbc0fc05f8040bdab76c2d98cd5e43a7b96dc2d1a6aebe2dce10b864e211b
  md5: a81b247d4f26223a8cfe8b502f24f8a0
  depends:
  - python >=3.10
  - annotated-doc >=0.0.2
  - starlette >=0.46.0
  - typing_extensions >=4.8.0
  - typing-inspection >=0.4.2
  - pydantic >=2.9.0
  - python
  constrains:
  - email_validator >=2.0.0
  - fastapi-cli >=0.0.32
  - fastar >=0.9.0
  - httpx >=0.23.0,<1.0.0
  - jinja2 >=3.1.5
  - pydantic-extra-types >=2.0.0
  - pydantic-settings >=2.0.0
  - python-multipart >=0.0.18
  - uvicorn-standard >=0.12.0
  license: MIT
  license_family: MIT
  run_exports: {}
  size: 105158
  timestamp: 1785373461610
- conda: https://conda.anaconda.org/conda-forge/noarch/h11-0.16.0-pyhcf101f3_1.conda
  sha256: 96cac6573fd35ae151f4d6979bab6fbc90cb6b1fb99054ba19eb075da9822fcb
  md5: b8993c19b0c32a2f7b66cbb58ca27069
  depends:
  - python >=3.10
  - typing_extensions
  - python
  license: MIT
  license_family: MIT
  run_exports: {}
  size: 39069
  timestamp: 1767729720872
- conda: https://conda.anaconda.org/conda-forge/noarch/h2-4.4.1-pyhcf101f3_0.conda
  sha256: 307dd6ec90140c3cf4171071b0e5e870abec314f4565c1edd5bc433e942cdcc0
  md5: e652ac7756069c456d0da2a922cd7df5
  depends:
  - python >=3.10
  - hyperframe >=6.1,<7
  - hpack >=4.2,<5
  - python
  license: MIT
  license_family: MIT
  run_exports: {}
  size: 100789
  timestamp: 1785796355216
- conda: https://conda.anaconda.org/conda-forge/noarch/hpack-4.2.0-pyhd8ed1ab_0.conda
  sha256: fdcea5d7cb314485d3907192ef024c704311548c5b0cbeb390cd1951051e29d2
  md5: b395909221b9bd1df066e5930e18855b
  depends:
  - python >=3.10
  license: MIT
  license_family: MIT
  run_exports: {}
  size: 32884
  timestamp: 1782283986153
- conda: https://conda.anaconda.org/conda-forge/noarch/httpcore-1.0.9-pyh29332c3_0.conda
  sha256: 04d49cb3c42714ce533a8553986e1642d0549a05dc5cc48e0d43ff5be6679a5b
  md5: 4f14640d58e2cc0aa0819d9d8ba125bb
  depends:
  - python >=3.9
  - h11 >=0.16
  - h2 >=3,<5
  - sniffio 1.*
  - anyio >=4.0,<5.0
  - certifi
  - python
  license: BSD-3-Clause
  license_family: BSD
  run_exports: {}
  size: 49483
  timestamp: 1745602916758
- conda: https://conda.anaconda.org/conda-forge/noarch/httpx-0.28.1-pyhd8ed1ab_0.conda
  sha256: cd0f1de3697b252df95f98383e9edb1d00386bfdd03fdf607fa42fe5fcb09950
  md5: d6989ead454181f4f9bc987d3dc4e285
  depends:
  - anyio
  - certifi
  - httpcore 1.*
  - idna
  - python >=3.9
  license: BSD-3-Clause
  license_family: BSD
  run_exports: {}
  size: 63082
  timestamp: 1733663449209
- conda: https://conda.anaconda.org/conda-forge/noarch/hyperframe-6.1.0-pyhd8ed1ab_0.conda
  sha256: 77af6f5fe8b62ca07d09ac60127a30d9069fdc3c68d6b256754d0ffb1f7779f8
  md5: 8e6923fc12f1fe8f8c4e5c9f343256ac
  depends:
  - python >=3.9
  license: MIT
  license_family: MIT
  run_exports: {}
  size: 17397
  timestamp: 1737618427549
- conda: https://conda.anaconda.org/conda-forge/noarch/idna-3.18-pyhcf101f3_0.conda
  sha256: c75632ea624aa450a394f570749420c5a2e0997d0216bc29d5d45b0f39df0426
  md5: 577b04680ae422adb86fc60d7b940659
  depends:
  - python >=3.10
  - python
  license: BSD-3-Clause
  license_family: BSD
  run_exports: {}
  size: 163869
  timestamp: 1781620148226
- conda: https://conda.anaconda.org/conda-forge/noarch/jinja2-3.1.6-pyhcf101f3_1.conda
  sha256: fc9ca7348a4f25fed2079f2153ecdcf5f9cf2a0bc36c4172420ca09e1849df7b
  md5: 04558c96691bed63104678757beb4f8d
  depends:
  - markupsafe >=2.0
  - python >=3.10
  - python
  license: BSD-3-Clause
  license_family: BSD
  run_exports: {}
  size: 120685
  timestamp: 1764517220861
- conda: https://conda.anaconda.org/conda-forge/noarch/markdown-it-py-4.2.0-pyhd8ed1ab_0.conda
  sha256: 0c4c35376fe920714390d46e4b8d31c876d65f18e1655899e0763ec25f2a902f
  md5: 6d03368f2b2b0a5fb6839df53b2eb5e0
  depends:
  - mdurl >=0.1,<1
  - python >=3.10
  license: MIT
  license_family: MIT
  run_exports: {}
  size: 69017
  timestamp: 1778169663339
- conda: https://conda.anaconda.org/conda-forge/noarch/mdurl-0.1.2-pyhd8ed1ab_1.conda
  sha256: 78c1bbe1723449c52b7a9df1af2ee5f005209f67e40b6e1d3c7619127c43b1c7
  md5: 592132998493b3ff25fd7479396e8351
  depends:
  - python >=3.9
  license: MIT
  license_family: MIT
  run_exports: {}
  size: 14465
  timestamp: 1733255681319
- conda: https://conda.anaconda.org/conda-forge/noarch/pydantic-2.13.4-pyhcf101f3_0.conda
  sha256: 69700e31165df070e9716315e042196aa92525dae5deb5107785847ab9f4189f
  md5: 729843edafc0899b3348bd3f19525b9d
  depends:
  - typing-inspection >=0.4.2
  - typing_extensions >=4.14.1
  - python >=3.10
  - annotated-types >=0.6.0
  - pydantic-core ==2.46.4
  - python
  license: MIT
  license_family: MIT
  run_exports: {}
  size: 346511
  timestamp: 1778103405862
- conda: https://conda.anaconda.org/conda-forge/noarch/pydantic-extra-types-2.11.1-pyhcf101f3_0.conda
  sha256: 385a900cf5d1d39dafab6088537c58a32d572fd237d7c4598def92c4c1120cb8
  md5: 96513760035d70917819a2840155d23a
  depends:
  - python >=3.10
  - pydantic >=2.5.2
  - python
  constrains:
  - phonenumbers >=8,<9
  - pycountry >=23
  - semver >=3.0.2,<4
  - python-ulid >=1,<4
  - pendulum >=3.0.0,<4.0.0
  - pytz >=2024.1
  - tzdata >=2024a
  license: MIT
  license_family: MIT
  run_exports: {}
  size: 72040
  timestamp: 1773664659868
- conda: https://conda.anaconda.org/conda-forge/noarch/pydantic-settings-2.15.0-pyhcf101f3_0.conda
  sha256: 674e1ba12010a88441f817a318d3cec7e7a7682813ebd3f427fbd1c6766a16af
  md5: 687adac0b3eb2dd73762e9f912b4549e
  depends:
  - typing-inspection >=0.4.0
  - python >=3.10
  - pydantic >=2.7.0
  - python-dotenv >=0.21.0
  - python
  license: MIT
  license_family: MIT
  run_exports: {}
  size: 60984
  timestamp: 1786146776076
- conda: https://conda.anaconda.org/conda-forge/noarch/pygments-2.20.0-pyhd8ed1ab_0.conda
  sha256: cf70b2f5ad9ae472b71235e5c8a736c9316df3705746de419b59d442e8348e86
  md5: 16c18772b340887160c79a6acc022db0
  depends:
  - python >=3.10
  license: BSD-2-Clause
  license_family: BSD
  run_exports: {}
  size: 893031
  timestamp: 1774796815820
- conda: https://conda.anaconda.org/conda-forge/noarch/python-dotenv-1.2.2-pyhcf101f3_0.conda
  sha256: 74e417a768f59f02a242c25e7db0aa796627b5bc8c818863b57786072aeb85e5
  md5: 130584ad9f3a513cdd71b1fdc1244e9c
  depends:
  - python >=3.10
  license: BSD-3-Clause
  license_family: BSD
  run_exports: {}
  size: 27848
  timestamp: 1772388605021
- conda: https://conda.anaconda.org/conda-forge/noarch/python-multipart-0.0.32-pyhcf101f3_0.conda
  sha256: 7dde902994a99993b616d597783fcd0ce3265a550feffbd0890b1329c9dff7e0
  md5: f54d00b369042e8e0e235b1a1a817487
  depends:
  - python >=3.10
  - python
  license: Apache-2.0
  license_family: APACHE
  run_exports: {}
  size: 38132
  timestamp: 1780610429919
- conda: https://conda.anaconda.org/conda-forge/noarch/python_abi-3.11-8_cp311.conda
  build_number: 8
  sha256: fddf123692aa4b1fc48f0471e346400d9852d96eeed77dbfdd746fa50a8ff894
  md5: 8fcb6b0e2161850556231336dae58358
  constrains:
  - python 3.11.* *_cpython
  license: BSD-3-Clause
  license_family: BSD
  run_exports: {}
  size: 7003
  timestamp: 1752805919375
- conda: https://conda.anaconda.org/conda-forge/noarch/rich-15.0.0-pyhcf101f3_0.conda
  sha256: 3d6ba2c0fcdac3196ba2f0615b4104e532525ffa1335b50a2878be5ff488814a
  md5: 0242025a3c804966bf71aa04eee82f66
  depends:
  - markdown-it-py >=2.2.0
  - pygments >=2.13.0,<3.0.0
  - python >=3.10
  - typing_extensions >=4.0.0,<5.0.0
  - python
  license: MIT
  license_family: MIT
  run_exports: {}
  size: 208577
  timestamp: 1775991661559
- conda: https://conda.anaconda.org/conda-forge/noarch/rich-toolkit-0.20.3-pyhcf101f3_0.conda
  sha256: 104fbf62487954552edb19ee8706a0d2c9383ff1e1e16ab31c6947d20d34a862
  md5: 3296ee717391681ab734f0a01c89ac85
  depends:
  - python >=3.10
  - rich >=13.7.1
  - click >=8.1.7
  - typing_extensions >=4.12.2
  - python
  license: MIT
  license_family: MIT
  run_exports: {}
  size: 34824
  timestamp: 1784024058693
- conda: https://conda.anaconda.org/conda-forge/noarch/shellingham-1.5.4-pyhd8ed1ab_2.conda
  sha256: 1d6534df8e7924d9087bd388fbac5bd868c5bf8971c36885f9f016da0657d22b
  md5: 83ea3a2ddb7a75c1b09cea582aa4f106
  depends:
  - python >=3.10
  license: MIT
  license_family: MIT
  run_exports: {}
  size: 15018
  timestamp: 1762858315311
- conda: https://conda.anaconda.org/conda-forge/noarch/sniffio-1.3.1-pyhd8ed1ab_2.conda
  sha256: dce518f45e24cd03f401cb0616917773159a210c19d601c5f2d4e0e5879d30ad
  md5: 03fe290994c5e4ec17293cfb6bdce520
  depends:
  - python >=3.10
  license: Apache-2.0
  license_family: Apache
  run_exports: {}
  size: 15698
  timestamp: 1762941572482
- conda: https://conda.anaconda.org/conda-forge/noarch/sse-starlette-3.4.8-pyhd8ed1ab_0.conda
  sha256: 929ba68f9a5eaa2f2a79698d7423eb6ac5fae781b96396526b50acd3d2503304
  md5: 0d1df87ce2c25c98492ea0846b8ae543
  depends:
  - anyio >=4.7.0
  - python >=3.10
  - starlette >=0.49.1
  license: BSD-3-Clause
  license_family: BSD
  run_exports: {}
  size: 22175
  timestamp: 1785980698575
- conda: https://conda.anaconda.org/conda-forge/noarch/starlette-1.6.0-pyhcf101f3_0.conda
  sha256: 6074c6d74e86b156a61ff37f2c3f7a29bd188f05d5f490d88db96131eb945e95
  md5: 7b7d3f2bcca2be53635bd4f1166b04a7
  depends:
  - anyio >=3.6.2,<5
  - python >=3.10
  - typing_extensions >=4.10.0
  - python
  license: BSD-3-Clause
  license_family: BSD
  run_exports: {}
  size: 65974
  timestamp: 1786315934415
- conda: https://conda.anaconda.org/conda-forge/noarch/starlette-context-0.3.6-pyhd8ed1ab_1.conda
  sha256: e471c7de3fc65e6b9f498f1e31a7a4e45a7192742bee5de6c9ffb446fe3c0390
  md5: d484a64bae3ca65f0cc9022ca26e0ce2
  depends:
  - python >=3.9,<4.0
  - starlette
  license: MIT
  license_family: MIT
  run_exports: {}
  size: 15257
  timestamp: 1735139403381
- conda: https://conda.anaconda.org/conda-forge/noarch/tomli-2.4.1-pyhcf101f3_0.conda
  sha256: 91cafdb64268e43e0e10d30bd1bef5af392e69f00edd34dfaf909f69ab2da6bd
  md5: b5325cf06a000c5b14970462ff5e4d58
  depends:
  - python >=3.10
  - python
  license: MIT
  license_family: MIT
  run_exports: {}
  size: 21561
  timestamp: 1774492402955
- conda: https://conda.anaconda.org/conda-forge/noarch/typer-0.27.1-pyhcf101f3_0.conda
  sha256: cfa5c42642e238e5a4200ac3ff5f46b7997fae6c6f8d4c84909be58d5356f7ce
  md5: 8df7a3ee62a94dca4ea22c3f4d38d9eb
  depends:
  - annotated-doc >=0.0.2
  - colorama
  - python >=3.10
  - rich >=13.8.0
  - shellingham >=1.3.0
  - python
  license: MIT AND BSD-3-Clause
  run_exports: {}
  size: 188113
  timestamp: 1785796291853
- conda: https://conda.anaconda.org/conda-forge/noarch/typing-extensions-4.16.0-h69aa097_0.conda
  sha256: b141933ece3518f6d7b75dfb59451e2f26b405a44c18e2518a83e9a02e09315c
  md5: c680b5747e8c4c8f23dca0bb7042a8fc
  depends:
  - typing_extensions ==4.16.0 pyhcf101f3_0
  license: PSF-2.0
  license_family: PSF
  run_exports: {}
  size: 94080
  timestamp: 1783002732887
- conda: https://conda.anaconda.org/conda-forge/noarch/typing-inspection-0.4.3-pyhcf101f3_0.conda
  sha256: f9d821cb64f2bd33cff02d4969d6b8f8f299b6209abae946ac8aa92927dc217a
  md5: 4934c9f5695514b925be8a5503bcd171
  depends:
  - python >=3.10
  - typing_extensions >=4.15.0
  - python
  license: MIT
  license_family: MIT
  run_exports: {}
  size: 20940
  timestamp: 1786372593154
- conda: https://conda.anaconda.org/conda-forge/noarch/typing_extensions-4.16.0-pyhcf101f3_0.conda
  sha256: 2d888f90af0686044882c74193ec80a90ec1943145d94a7b1b048958acda1848
  md5: c70ad746c22219b9700931707482992c
  depends:
  - python >=3.10
  - python
  license: PSF-2.0
  license_family: PSF
  run_exports: {}
  size: 52631
  timestamp: 1783002732887
- conda: https://conda.anaconda.org/conda-forge/noarch/tzdata-2026c-h151e31d_0.conda
  sha256: b928c30ddcb0e3f544c6eade8352737e6e610e263276b90232db6a578ef899d8
  md5: fcb489df604d100968b737f2cb6076c6
  license: LicenseRef-Public-Domain
  run_exports: {}
  size: 118849
  timestamp: 1784250406640
- conda: https://conda.anaconda.org/conda-forge/noarch/uvicorn-0.52.3-pyh6dadd2b_0.conda
  sha256: 38562f84579c7460aed139a18ab551e08cfd6adccb5e6226dca12e6c3404272d
  md5: 507f3347b04805c2f43511b4f8b05d78
  depends:
  - __win
  - click >=7.0
  - h11 >=0.8
  - python >=3.10
  - typing_extensions >=4.0
  - python
  license: BSD-3-Clause
  run_exports: {}
  size: 59103
  timestamp: 1786717142384
- conda: https://conda.anaconda.org/conda-forge/noarch/uvicorn-standard-0.52.3-hab989a9_0.conda
  sha256: a490b769b10e348be40142653b4bdb2bb9cb903b433ccc32db116b89610006b3
  md5: 8f37accc93113a990bb49c50c50a0748
  depends:
  - __win
  - uvicorn ==0.52.3 pyh6dadd2b_0
  - websockets >=10.4
  - httptools >=0.6.3
  - watchfiles >=0.20
  - python-dotenv >=0.13
  - pyyaml >=5.1
  - colorama >=0.4
  license: BSD-3-Clause
  run_exports: {}
  size: 4207
  timestamp: 1786717142384
- conda: https://conda.anaconda.org/conda-forge/win-64/bzip2-1.0.8-h0ad9c76_10.conda
  sha256: 04767466ee9227c9c57ab2c6503e0149177d34111c7418d2f420297acb1eb229
  md5: c3301c058362f340100d91cd8be0393f
  depends:
  - ucrt >=10.0.20348.0
  - vc >=14.3,<15
  - vc14_runtime >=14.44.35208
  license: bzip2-1.0.6
  license_family: BSD
  run_exports:
    weak:
    - bzip2 >=1.0.8,<2.0a0
  size: 55919
  timestamp: 1785906343696
- conda: https://conda.anaconda.org/conda-forge/win-64/fastar-0.11.0-py311h8a1b207_0.conda
  sha256: 03b928cfe83eb81e00c88ef015415508caf491cc1f39632a7437bddcae0b7ebd
  md5: ea4ca3695f10484ee9bbb16aa8363670
  depends:
  - python
  - vc >=14.3,<15
  - vc14_runtime >=14.44.35208
  - ucrt >=10.0.20348.0
  - python_abi 3.11.* *_cp311
  - zstd >=1.5.7,<1.6.0a0
  license: MIT
  license_family: MIT
  run_exports: {}
  size: 290018
  timestamp: 1776177905140
- conda: https://conda.anaconda.org/conda-forge/win-64/glslang-16.5.0-h8fa7867_1.conda
  sha256: d9e6f374cfe2432248b309822cf3e2a6599f46af26d78b38f864fc90df14f6f6
  md5: 2ba2e56a4e9a3aef6b81a22520939fe8
  depends:
  - spirv-tools >=2026,<2027.0a0
  - ucrt >=10.0.20348.0
  - vc >=14.3,<15
  - vc14_runtime >=14.44.35208
  license: BSD-3-Clause
  license_family: BSD
  run_exports:
    weak:
    - glslang >=16,<17.0a0
  size: 4335434
  timestamp: 1785879999214
- conda: https://conda.anaconda.org/conda-forge/win-64/httptools-0.8.0-py311h3485c13_0.conda
  sha256: 4aca8a075c757e55672840523183364529f4e8ca36106b937f09eb5e85812fe3
  md5: e0a78689ab358b19c145bd451728cb2a
  depends:
  - python >=3.11,<3.12.0a0
  - python_abi 3.11.* *_cp311
  - ucrt >=10.0.20348.0
  - vc >=14.3,<15
  - vc14_runtime >=14.44.35208
  license: MIT
  license_family: MIT
  run_exports: {}
  size: 77345
  timestamp: 1779757621715
- conda: https://conda.anaconda.org/conda-forge/win-64/icu-78.3-h5112557_2.conda
  sha256: 75c549b55b673e15de8785a8e5dd85bca7eb612eee0ff4dc8d7bdaa15eacbdbb
  md5: e596942e8ee6ee17fdcf1e6a77757a66
  depends:
  - vc >=14.3,<15
  - vc14_runtime >=14.44.35208
  - ucrt >=10.0.20348.0
  license: MIT
  license_family: MIT
  run_exports:
    weak:
    - icu >=78.3,<79.0a0
  size: 16835644
  timestamp: 1784916416303
- conda: https://conda.anaconda.org/conda-forge/win-64/krb5-1.22.2-h719d79b_1.conda
  sha256: c55745796e762ba9e817ab1fc0f21f1a049e202f90fa762df39578f37923f6c2
  md5: 00335c2c4a98656554771aaf6f1a7400
  depends:
  - openssl >=3.5.7,<4.0a0
  - ucrt >=10.0.20348.0
  - vc >=14.3,<15
  - vc14_runtime >=14.44.35208
  license: MIT
  license_family: MIT
  run_exports:
    weak:
    - krb5 >=1.22.2,<1.23.0a0
  size: 750320
  timestamp: 1781859644591
- conda: https://conda.anaconda.org/conda-forge/win-64/libblas-3.11.0-9_h8455456_mkl.conda
  build_number: 9
  sha256: a99c640f10a3f77efe5c6605676ddc8d365d020eec4fdf1c803d34bdaf49b357
  md5: 17b26a4ad064259983bec1eaa36f40d3
  depends:
  - mkl >=2026.1.0,<2027.0a0
  constrains:
  - blas 2.309   mkl
  - libcblas   3.11.0   9*_mkl
  - liblapack  3.11.0   9*_mkl
  - liblapacke 3.11.0   9*_mkl
  license: BSD-3-Clause
  license_family: BSD
  run_exports:
    weak:
    - libblas >=3.11.0,<4.0a0
  size: 67235
  timestamp: 1786059219098
- conda: https://conda.anaconda.org/conda-forge/win-64/libcblas-3.11.0-9_h2a3cdd5_mkl.conda
  build_number: 9
  sha256: 8c20714bbb85c8a109e9002e76c32be64a82d9867beb1a35a20c85258cc2b535
  md5: 9d1d0c22e9ed8c31ec2efc0d063d6f48
  depends:
  - libblas 3.11.0 9_h8455456_mkl
  constrains:
  - blas 2.309   mkl
  - liblapack  3.11.0   9*_mkl
  - liblapacke 3.11.0   9*_mkl
  license: BSD-3-Clause
  license_family: BSD
  run_exports:
    weak:
    - libcblas >=3.11.0,<4.0a0
  size: 67587
  timestamp: 1786059232952
- conda: https://conda.anaconda.org/conda-forge/win-64/libcurl-8.21.0-hdb0ef4a_4.conda
  sha256: af17c990ec52b6aba29e052c438d7ac61bfd541d6d183a8f09aa4f2c532c9bab
  md5: 5e9c5b83929cf7ab2c04121af771e7b5
  depends:
  - krb5 >=1.22.2,<1.23.0a0
  - libpsl >=0.23.0,<0.24.0a0
  - libssh2 >=1.11.1,<2.0a0
  - libzlib >=1.3.2,<2.0a0
  - ucrt >=10.0.20348.0
  - vc >=14.3,<15
  - vc14_runtime >=14.44.35208
  license: curl
  license_family: MIT
  run_exports:
    weak:
    - libcurl >=8.21.0,<9.0a0
  size: 404586
  timestamp: 1785500241182
- conda: https://conda.anaconda.org/conda-forge/win-64/libexpat-2.8.1-hac47afa_1.conda
  sha256: 1a54d874addda73b6f7164d5f3905821277a1831bcc05edd74b3085391688571
  md5: ccc490c81ffe14181861beac0e8f3169
  depends:
  - ucrt >=10.0.20348.0
  - vc >=14.3,<15
  - vc14_runtime >=14.44.35208
  constrains:
  - expat 2.8.1.*
  license: MIT
  license_family: MIT
  run_exports: {}
  size: 71631
  timestamp: 1781203724164
- conda: https://conda.anaconda.org/conda-forge/win-64/libffi-3.7.0-h3d046cb_0.conda
  sha256: 2ea8d2fe7b84ca37653777e15ac1e7abd35f0c90d3efbe7f6c4de9b489606369
  md5: 92bdfc0e5012660892b0e0eaf3069a5c
  depends:
  - ucrt >=10.0.20348.0
  - vc >=14.3,<15
  - vc14_runtime >=14.44.35208
  license: MIT
  license_family: MIT
  run_exports:
    weak:
    - libffi >=3.7.0,<3.8.0a0
  size: 50247
  timestamp: 1783521107166
- conda: https://conda.anaconda.org/conda-forge/win-64/libhwloc-2.13.0-default_h049141e_1000.conda
  sha256: 2ee12e37223dfcd0acd050c80a91150c482b6e2899198521e1800dce66662467
  md5: 6a01c986e30292c715038d2788aa1385
  depends:
  - libwinpthread >=12.0.0.r4.gg4f2fc60ca
  - libxml2
  - libxml2-16 >=2.14.6
  - ucrt >=10.0.20348.0
  - vc >=14.3,<15
  - vc14_runtime >=14.44.35208
  license: BSD-3-Clause
  license_family: BSD
  run_exports:
    weak:
    - libhwloc >=2.13.0,<2.13.1.0a0
  size: 2396128
  timestamp: 1770954127918
- conda: https://conda.anaconda.org/conda-forge/win-64/libiconv-1.18-hc1393d2_2.conda
  sha256: 0dcdb1a5f01863ac4e8ba006a8b0dc1a02d2221ec3319b5915a1863254d7efa7
  md5: 64571d1dd6cdcfa25d0664a5950fdaa2
  depends:
  - ucrt >=10.0.20348.0
  - vc >=14.3,<15
  - vc14_runtime >=14.44.35208
  license: LGPL-2.1-only
  run_exports:
    weak:
    - libiconv >=1.18,<2.0a0
  size: 696926
  timestamp: 1754909290005
- conda: https://conda.anaconda.org/conda-forge/win-64/liblapack-3.11.0-9_hf9ab0e9_mkl.conda
  build_number: 9
  sha256: 62d0a7a70ee13c554d5d7ff94a2ba758c4111439822dcc81324dd4cfaf576071
  md5: bee6f13ab945c4034bdd0f722ad14dd5
  depends:
  - libblas 3.11.0 9_h8455456_mkl
  constrains:
  - blas 2.309   mkl
  - libcblas   3.11.0   9*_mkl
  - liblapacke 3.11.0   9*_mkl
  license: BSD-3-Clause
  license_family: BSD
  run_exports:
    weak:
    - liblapack >=3.11.0,<3.12.0a0
  size: 79963
  timestamp: 1786059243440
- conda: https://conda.anaconda.org/conda-forge/win-64/liblzma-5.8.3-hfd05255_1.conda
  sha256: d36c4a1e1f80fd08e18a407e03622ff2f34dfdd022da6488ad19603dea19e6d5
  md5: 880a0c8549479b198af21ba5dc49b109
  depends:
  - ucrt >=10.0.20348.0
  - vc >=14.3,<15
  - vc14_runtime >=14.44.35208
  constrains:
  - xz 5.8.3.*
  license: 0BSD
  run_exports:
    weak:
    - liblzma >=5.8.3,<6.0a0
  size: 105809
  timestamp: 1786348717883
- conda: https://conda.anaconda.org/conda-forge/win-64/libpsl-0.23.1-h9b16d47_0.conda
  sha256: 1f92f663cb283c4fd90db8a8a3851a4f17f1e9778746adcbfb7736fde8e5455f
  md5: 16ccdcddc776dbb14cd866ab480561ff
  depends:
  - vc >=14.3,<15
  - vc14_runtime >=14.44.35208
  - ucrt >=10.0.20348.0
  - icu >=78.3,<79.0a0
  license: MIT
  license_family: MIT
  run_exports:
    weak:
    - libpsl >=0.23.1,<0.24.0a0
  size: 73424
  timestamp: 1786443553911
- conda: https://conda.anaconda.org/conda-forge/win-64/libsqlite-3.53.4-hf5d6505_0.conda
  sha256: 62e1c45ec71ab2e5deeeb0e47e7df6a609991e91d46348f16df50c68fee145c8
  md5: ca0d59f40a02a15e9b5d0ff8db0f85e3
  depends:
  - ucrt >=10.0.20348.0
  - vc >=14.3,<15
  - vc14_runtime >=14.44.35208
  license: blessing
  run_exports:
    weak:
    - libsqlite >=3.53.4,<4.0a0
  size: 1313790
  timestamp: 1785016158097
- conda: https://conda.anaconda.org/conda-forge/win-64/libssh2-1.11.1-h734d217_1.conda
  sha256: 1097b08429b4f53f5751a32c6d99a083d227ca7f7812c0b239eea124cec073a0
  md5: a21dd9ca39e74910bb96989feb916420
  depends:
  - libzlib >=1.3.2,<2.0a0
  - openssl >=3.5.7,<4.0a0
  - ucrt >=10.0.20348.0
  - vc >=14.3,<15
  - vc14_runtime >=14.44.35208
  license: BSD-3-Clause
  license_family: BSD
  run_exports:
    weak:
    - libssh2 >=1.11.1,<2.0a0
  size: 295149
  timestamp: 1786713186180
- conda: https://conda.anaconda.org/conda-forge/win-64/libvulkan-loader-1.4.357.0-h477610d_0.conda
  sha256: 432d4796261bc4a4525e8ecf262361c3f69d815af823ebf60242093e47333674
  md5: 63d913ed8ee946e25b1ebf7d9f477b67
  depends:
  - vc >=14.3,<15
  - vc14_runtime >=14.44.35208
  - ucrt >=10.0.20348.0
  constrains:
  - libvulkan-headers 1.4.357.0.*
  license: Apache-2.0
  license_family: APACHE
  run_exports:
    weak:
    - libvulkan-loader >=1.4.357.0,<2.0a0
  size: 286754
  timestamp: 1785311500125
- conda: https://conda.anaconda.org/conda-forge/win-64/libwinpthread-12.0.0.r4.gg4f2fc60ca-h57928b3_10.conda
  sha256: 0fccf2d17026255b6e10ace1f191d0a2a18f2d65088fd02430be17c701f8ffe0
  md5: 8a86073cf3b343b87d03f41790d8b4e5
  depends:
  - ucrt
  constrains:
  - pthreads-win32 <0.0a0
  - msys2-conda-epoch <0.0a0
  license: MIT AND BSD-3-Clause-Clear
  run_exports: {}
  size: 36621
  timestamp: 1759768399557
- conda: https://conda.anaconda.org/conda-forge/win-64/libxml2-16-2.15.3-h3cfd58e_0.conda
  sha256: 3b61ee3caba702d2ff432fa3920835db963026e5c99c4e6fdca0c6114f59e7ce
  md5: 9e8dd0d90ed830107b2c36801035b7db
  depends:
  - icu >=78.3,<79.0a0
  - libiconv >=1.18,<2.0a0
  - liblzma >=5.8.3,<6.0a0
  - libzlib >=1.3.2,<2.0a0
  - ucrt >=10.0.20348.0
  - vc >=14.3,<15
  - vc14_runtime >=14.44.35208
  constrains:
  - libxml2 2.15.3
  license: MIT
  license_family: MIT
  run_exports: {}
  size: 519871
  timestamp: 1776376969852
- conda: https://conda.anaconda.org/conda-forge/win-64/libxml2-2.15.3-h8ef44ab_0.conda
  sha256: a4599c6bbbbdd7db570896e520c557eec8e66d94e839a59d17dc1f24a3d5f82b
  md5: 95591ca5671d2213f5b2d5aa7818420d
  depends:
  - icu >=78.3,<79.0a0
  - libiconv >=1.18,<2.0a0
  - liblzma >=5.8.3,<6.0a0
  - libxml2-16 2.15.3 h3cfd58e_0
  - libzlib >=1.3.2,<2.0a0
  - ucrt >=10.0.20348.0
  - vc >=14.3,<15
  - vc14_runtime >=14.44.35208
  license: MIT
  license_family: MIT
  run_exports:
    weak:
    - libxml2
    - libxml2-16 >=2.15.3
  size: 43684
  timestamp: 1776376992865
- conda: https://conda.anaconda.org/conda-forge/win-64/libzlib-1.3.2-hfd05255_3.conda
  sha256: 0629c2cc0404d3bb29d6baa7b4ba62da80797015e86de050db81ea5a07050527
  md5: 5d2ff29d465097458cc3ff6569151991
  depends:
  - ucrt >=10.0.20348.0
  - vc >=14.3,<15
  - vc14_runtime >=14.44.35208
  constrains:
  - zlib 1.3.2 *_3
  license: Zlib
  license_family: Other
  run_exports:
    weak:
    - libzlib >=1.3.2,<2.0a0
  size: 58529
  timestamp: 1785276664143
- conda: https://conda.anaconda.org/conda-forge/win-64/llama-cpp-python-0.3.34-py311h5dfdfe8_1.conda
  sha256: 6f3e9b6e2bcf083f14bf82c4c4c6946a3a3270aa1f74f53d6013828ebb111e2d
  md5: 3d143ffdd051f7cfe2646dbd1400f7b0
  depends:
  - python
  - typing-extensions >=4.5.0
  - numpy >=1.20.0
  - diskcache >=5.6.1
  - pyyaml >=5.1
  - llama.cpp ==9923
  - uvicorn >=0.22.0
  - fastapi >=0.100.0
  - pydantic-settings >=2.0.1
  - sse-starlette >=1.6.1
  - starlette-context >=0.3.6,<0.4
  - vc >=14.3,<15
  - vc14_runtime >=14.44.35208
  - ucrt >=10.0.20348.0
  - python_abi 3.11.* *_cp311
  license: MIT
  license_family: MIT
  run_exports: {}
  size: 321397
  timestamp: 1784531288474
- conda: https://conda.anaconda.org/conda-forge/win-64/llama.cpp-9923-cpu_mkl_h8c7e50b_0.conda
  sha256: 3a832abd8809c9986c0df4a97d5a4e669dce719b1e37ecf589387079d424245d
  md5: 1e44674dde0a1326e829113f2898708b
  depends:
  - vc >=14.3,<15
  - vc14_runtime >=14.44.35208
  - ucrt >=10.0.20348.0
  - libvulkan-loader >=1.4.341.0,<2.0a0
  - libcurl >=8.21.0,<9.0a0
  - mkl >=2026.0.0,<2027.0a0
  - shaderc >=2026.2,<2026.3.0a0
  constrains:
  - whisper.cpp <0.0.0a0
  license: MIT
  license_family: MIT
  run_exports: {}
  size: 18464344
  timestamp: 1783545422425
- conda: https://conda.anaconda.org/conda-forge/win-64/llvm-openmp-22.1.8-h4fa8253_0.conda
  sha256: 50c02902bb516eeb56680358f052be38b5bf74b40e78ea4b2a675e84957e7307
  md5: de3551bf6508d45ca46b714639e52823
  depends:
  - ucrt >=10.0.20348.0
  - vc >=14.3,<15
  - vc14_runtime >=14.44.35208
  constrains:
  - openmp 22.1.8|22.1.8.*
  - intel-openmp <0.0a0
  license: Apache-2.0 WITH LLVM-exception
  license_family: APACHE
  run_exports:
    strong:
    - llvm-openmp >=22.1.8
  size: 348002
  timestamp: 1781737042070
- conda: https://conda.anaconda.org/conda-forge/win-64/markupsafe-3.0.3-py311h3f79411_1.conda
  sha256: 3d37fb1900e31131f84549560e7a4bfea5f39aa3ecd73345fef1f33975cf0baa
  md5: f55de41c947bdd2ff9bbeffedf8089f7
  depends:
  - python >=3.11,<3.12.0a0
  - python_abi 3.11.* *_cp311
  - ucrt >=10.0.20348.0
  - vc >=14.3,<15
  - vc14_runtime >=14.44.35208
  constrains:
  - jinja2 >=3.0.0
  license: BSD-3-Clause
  license_family: BSD
  run_exports: {}
  size: 29362
  timestamp: 1772445178723
- conda: https://conda.anaconda.org/conda-forge/win-64/mkl-2026.1.0-hac47afa_234.conda
  sha256: f7568a5ebf9f4a401a6d9da7be4f82a8794cf305e870e77923a5712ba7f4b964
  md5: f0510f9d5e501462d72a5c0c798dbcc3
  depends:
  - llvm-openmp >=22.1.8
  - tbb >=2023.0.0
  - ucrt >=10.0.20348.0
  - vc >=14.3,<15
  - vc14_runtime >=14.44.35208
  license: LicenseRef-IntelSimplifiedSoftwareOct2022
  license_family: Proprietary
  run_exports: {}
  size: 114429478
  timestamp: 1786086389935
- conda: https://conda.anaconda.org/conda-forge/win-64/numpy-2.4.6-py311h65cb7f3_0.conda
  sha256: cd26f615140d0ed557f8927947ca62c181d55ddbe418eebd24bd06cd32fb3938
  md5: ef5c1dedd943abfb0b80112ba46d4ab8
  depends:
  - python
  - vc >=14.3,<15
  - vc14_runtime >=14.44.35208
  - ucrt >=10.0.20348.0
  - liblapack >=3.9.0,<4.0a0
  - libcblas >=3.9.0,<4.0a0
  - python_abi 3.11.* *_cp311
  - libblas >=3.9.0,<4.0a0
  constrains:
  - numpy-base <0a0
  license: BSD-3-Clause
  license_family: BSD
  run_exports:
    weak:
    - numpy >=1.23,<3
  size: 7807344
  timestamp: 1779169235300
- conda: https://conda.anaconda.org/conda-forge/win-64/openssl-3.6.3-hf411b9b_1.conda
  sha256: 2ebff5a1b5793e82495bf33c91fba040e11ff23333c2385ac66d0c3aee2cc14c
  md5: a978392692a910ba1c8920ccb1e784b3
  depends:
  - ca-certificates
  - ucrt >=10.0.20348.0
  - vc >=14.3,<15
  - vc14_runtime >=14.44.35208
  license: Apache-2.0
  license_family: Apache
  run_exports:
    weak:
    - openssl >=3.6.3,<4.0a0
  size: 9427535
  timestamp: 1785915614585
- conda: https://conda.anaconda.org/conda-forge/win-64/pydantic-core-2.46.4-py311hf51aa87_0.conda
  sha256: 4cf860418a6a1a678bcc23bc29a83f4f0916682fd6ab1ff209b4e5ee3dc5e15f
  md5: 85efdb748cbec9210e718c4a8860749c
  depends:
  - python
  - typing-extensions >=4.6.0,!=4.7.0
  - vc >=14.3,<15
  - vc14_runtime >=14.44.35208
  - ucrt >=10.0.20348.0
  - python_abi 3.11.* *_cp311
  license: MIT
  license_family: MIT
  run_exports: {}
  size: 1898998
  timestamp: 1778084255268
- conda: https://conda.anaconda.org/conda-forge/win-64/python-3.11.15-hb12b558_2_cpython.conda
  build_number: 2
  sha256: 716076778c1bfcd3bb5f0a6922c76b0799bd1b3c98c0a070fee21c6fe67324aa
  md5: 442e307e97eb919cda18b77c9d8475d9
  depends:
  - bzip2 >=1.0.8,<2.0a0
  - libexpat >=2.8.1,<3.0a0
  - libffi >=3.7.0,<3.8.0a0
  - liblzma >=5.8.3,<6.0a0
  - libsqlite >=3.53.4,<4.0a0
  - libzlib >=1.3.2,<2.0a0
  - openssl >=3.5.7,<4.0a0
  - tk >=8.6.13,<8.7.0a0
  - tzdata
  - ucrt >=10.0.20348.0
  - vc >=14.3,<15
  - vc14_runtime >=14.44.35208
  constrains:
  - python_abi 3.11.* *_cp311
  license: Python-2.0
  run_exports:
    weak:
    - python_abi 3.11.* *_cp311
    noarch:
    - python
  size: 18417034
  timestamp: 1786443645969
- conda: https://conda.anaconda.org/conda-forge/win-64/pyyaml-6.0.3-py311h3f79411_1.conda
  sha256: 301c3ba100d25cd5ae37895988ee3ab986210d4d972aa58efed948fbe857773d
  md5: a0153c033dc55203e11d1cac8f6a9cf2
  depends:
  - python >=3.11,<3.12.0a0
  - python_abi 3.11.* *_cp311
  - ucrt >=10.0.20348.0
  - vc >=14.3,<15
  - vc14_runtime >=14.44.35208
  - yaml >=0.2.5,<0.3.0a0
  license: MIT
  license_family: MIT
  run_exports: {}
  size: 187108
  timestamp: 1770223467913
- conda: https://conda.anaconda.org/conda-forge/win-64/shaderc-2026.2-h8fa7867_0.conda
  sha256: 3a4edc274c947d34258af01886d9ca301098fe037dacd91ccd5f5291dda5ca0b
  md5: dd6d0d119b1ca747af3ba964eaa3c565
  depends:
  - glslang >=16,<17.0a0
  - spirv-tools >=2026,<2027.0a0
  - ucrt >=10.0.20348.0
  - vc >=14.3,<15
  - vc14_runtime >=14.44.35208
  license: Apache-2.0
  license_family: Apache
  run_exports:
    weak:
    - shaderc >=2026.2,<2026.3.0a0
  size: 1559352
  timestamp: 1777360694042
- conda: https://conda.anaconda.org/conda-forge/win-64/spirv-tools-2026.2-h49e36cd_3.conda
  sha256: 793ff76f8211eb6af0ea342a32cd6584f212fee99dd8923a64613f55720a4a26
  md5: 615e9cbe6ca092346e540174801cf744
  depends:
  - ucrt >=10.0.20348.0
  - vc >=14.3,<15
  - vc14_runtime >=14.44.35208
  constrains:
  - spirv-headers >=1.4.357.0,<1.4.357.1.0a0
  license: Apache-2.0
  license_family: APACHE
  run_exports:
    weak:
    - spirv-tools >=2026,<2027.0a0
  size: 5373123
  timestamp: 1785689503732
- conda: https://conda.anaconda.org/conda-forge/win-64/tbb-2023.0.0-hd3d4ead_2.conda
  sha256: 8a4053839b8e997a5965e2dff7d6cf3c77be62d82c0e48c8a04a5ed2d2e73035
  md5: 8ee01a693aecff5432069eaaf1183c45
  depends:
  - libhwloc >=2.13.0,<2.13.1.0a0
  - ucrt >=10.0.20348.0
  - vc >=14.3,<15
  - vc14_runtime >=14.44.35208
  license: Apache-2.0
  license_family: APACHE
  run_exports: {}
  size: 156515
  timestamp: 1778673901757
- conda: https://conda.anaconda.org/conda-forge/win-64/tk-8.6.13-h967ab96_3.conda
  sha256: 13fa29257d43f8e630a1e591ed77fae9bbbb236b011432f01e2034cf36e6bf03
  md5: aaf79e2af50a151fb5b5a3e3f38b7a69
  depends:
  - vc >=14.3,<15
  - vc14_runtime >=14.44.35208
  - ucrt >=10.0.20348.0
  license: TCL
  run_exports:
    weak:
    - tk >=8.6.13,<8.7.0a0
  size: 3782314
  timestamp: 1784229072899
- conda: https://conda.anaconda.org/conda-forge/win-64/ucrt-10.0.26100.0-h57928b3_0.conda
  sha256: 3005729dce6f3d3f5ec91dfc49fc75a0095f9cd23bab49efb899657297ac91a5
  md5: 71b24316859acd00bdb8b38f5e2ce328
  constrains:
  - vc14_runtime >=14.29.30037
  - vs2015_runtime >=14.29.30037
  license: LicenseRef-MicrosoftWindowsSDK10
  run_exports: {}
  size: 694692
  timestamp: 1756385147981
- conda: https://conda.anaconda.org/conda-forge/win-64/vc-14.5-ha367084_41.conda
  sha256: 35444c55a92e2f7f7ba26bc70f81e56e52344f7d064c0fd4b40a46a58517b79c
  md5: aa805b5522c2a98fa286e551a1f48546
  depends:
  - vc14_runtime >=14.51.36247
  track_features:
  - vc14
  license: BSD-3-Clause
  license_family: BSD
  run_exports: {}
  size: 21383
  timestamp: 1785359368566
- conda: https://conda.anaconda.org/conda-forge/win-64/vc14_runtime-14.51.36247-habf1de7_41.conda
  sha256: 4e4cb599cdc41bf2109d1464c127b5bcbddf548ce3e322e612afb691338b48f8
  md5: ac5333bb3d429361f23adf704cc49a78
  depends:
  - ucrt >=10.0.20348.0
  - vcomp14 14.51.36247 habf1de7_41
  constrains:
  - vs2015_runtime 14.51.36247.* *_41
  license: LicenseRef-MicrosoftVisualCpp2015-2022Runtime
  license_family: Proprietary
  run_exports: {}
  size: 767955
  timestamp: 1785359364369
- conda: https://conda.anaconda.org/conda-forge/win-64/vcomp14-14.51.36247-habf1de7_41.conda
  sha256: 731e043390c9457299484d39e427221fc868a9249540a498a5a4f6456c7744d1
  md5: 350bb67a5c8e5f1c53347ac544ab6600
  depends:
  - ucrt >=10.0.20348.0
  constrains:
  - vs2015_runtime 14.51.36247.* *_41
  license: LicenseRef-MicrosoftVisualCpp2015-2022Runtime
  license_family: Proprietary
  run_exports:
    strong:
    - vcomp14 >=14.51.36247
  size: 155910
  timestamp: 1785359349999
- conda: https://conda.anaconda.org/conda-forge/win-64/watchfiles-1.2.0-py311h7337c20_1.conda
  sha256: 59c56af61ee7ff716c82bf348ed05da299fec80038a2f4e51e7fc74f0f25a9c0
  md5: 3a285de82f491e5045f25064848fdd61
  depends:
  - python
  - anyio >=3.0.0
  - vc >=14.3,<15
  - vc14_runtime >=14.44.35208
  - ucrt >=10.0.20348.0
  - python_abi 3.11.* *_cp311
  license: MIT
  license_family: MIT
  run_exports: {}
  size: 351211
  timestamp: 1781180341695
- conda: https://conda.anaconda.org/conda-forge/win-64/websockets-17.0.1-py311h4ea48c9_0.conda
  sha256: 1735b2b872b346a602eaec395644a0a342088f71d1612ead090f0129e9bb1fc2
  md5: af0976d5e64140ece50b8b9d6c8c7b32
  depends:
  - python
  - vc >=14.3,<15
  - vc14_runtime >=14.44.35208
  - ucrt >=10.0.20348.0
  - python_abi 3.11.* *_cp311
  license: BSD-3-Clause
  license_family: BSD
  run_exports: {}
  size: 454439
  timestamp: 1785597313730
- conda: https://conda.anaconda.org/conda-forge/win-64/yaml-0.2.5-h6a83c73_3.conda
  sha256: 80ee68c1e7683a35295232ea79bcc87279d31ffeda04a1665efdb43cbd50a309
  md5: 433699cba6602098ae8957a323da2664
  depends:
  - vc >=14.3,<15
  - vc14_runtime >=14.44.35208
  - ucrt >=10.0.20348.0
  - vc >=14.3,<15
  - vc14_runtime >=14.44.35208
  - ucrt >=10.0.20348.0
  license: MIT
  license_family: MIT
  run_exports:
    weak:
    - yaml >=0.2.5,<0.3.0a0
  size: 63944
  timestamp: 1753484092156
- conda: https://conda.anaconda.org/conda-forge/win-64/zstd-1.5.7-h534d264_7.conda
  sha256: ca7daae4f218a11fab82cc2857f0ea518ec3f46acec60490485347a4c22c6b3e
  md5: e4ac308c39d6d0e131154976da67cf3b
  depends:
  - vc >=14.3,<15
  - vc14_runtime >=14.44.35208
  - ucrt >=10.0.20348.0
  - libzlib >=1.3.2,<2.0a0
  license: BSD-3-Clause
  license_family: BSD
  run_exports:
    weak:
    - zstd >=1.5.7,<1.6.0a0
  size: 387535
  timestamp: 1786599623274
