version: 7
platforms:
- name: win-64
  virtual-packages:
  - __win=10.0
  - __archspec=0=x86_64
environments:
  default:
    channels:
    - url: https://conda.anaconda.org/conda-forge/
    packages:
      win-64:
      - conda: https://conda.anaconda.org/conda-forge/win-64/nodejs-26.8.0-h80d1838_1.conda
packages:
- conda: https://conda.anaconda.org/conda-forge/win-64/nodejs-26.8.0-h80d1838_1.conda
  sha256: dde0723015f908149905e353f69ee2d380e7810fa2d0d46203ea3fa1bfd85901
  md5: 786fbc873be1ca0d9e5f1a66c5de1f18
  license: MIT
  license_family: MIT
  run_exports:
    weak:
    - nodejs >=26.8.0,<27.0a0
  size: 34248267
  timestamp: 1788259385531
