version: 7
platforms:
- name: osx-arm64
  virtual-packages:
  - __unix=0=0
  - __osx=13.0
  - __archspec=0=m1
environments:
  default:
    channels:
    - url: https://conda.anaconda.org/conda-forge/
    packages:
      osx-arm64:
      - conda: https://conda.anaconda.org/conda-forge/noarch/annotated-doc-0.0.5-pyhcf101f3_0.conda
      - conda: https://conda.anaconda.org/conda-forge/noarch/annotated-types-0.8.0-pyhd8ed1ab_0.conda
      - conda: https://conda.anaconda.org/conda-forge/noarch/anyio-4.14.2-pyhcf101f3_0.conda
      - conda: https://conda.anaconda.org/conda-forge/noarch/ca-certificates-2026.7.22-hbd8a1cb_0.conda
      - conda: https://conda.anaconda.org/conda-forge/noarch/certifi-2026.7.22-pyhd8ed1ab_0.conda
      - conda: https://conda.anaconda.org/conda-forge/noarch/click-8.4.2-pyhc90fa1f_0.conda
      - conda: https://conda.anaconda.org/conda-forge/noarch/colorama-0.4.6-pyhd8ed1ab_1.conda
      - conda: https://conda.anaconda.org/conda-forge/noarch/diskcache-5.6.3-pyhd8ed1ab_1.conda
      - conda: https://conda.anaconda.org/conda-forge/noarch/dnspython-2.8.0-pyhcf101f3_0.conda
      - conda: https://conda.anaconda.org/conda-forge/noarch/email-validator-2.3.0-pyhd8ed1ab_0.conda
      - conda: https://conda.anaconda.org/conda-forge/noarch/email_validator-2.3.0-hd8ed1ab_0.conda
      - conda: https://conda.anaconda.org/conda-forge/noarch/exceptiongroup-1.3.1-pyhd8ed1ab_0.conda
      - conda: https://conda.anaconda.org/conda-forge/noarch/fastapi-0.141.1-h76d476e_0.conda
      - conda: https://conda.anaconda.org/conda-forge/noarch/fastapi-cli-0.0.32-pyhcf101f3_0.conda
      - conda: https://conda.anaconda.org/conda-forge/noarch/fastapi-core-0.141.1-pyhcf101f3_0.conda
      - conda: https://conda.anaconda.org/conda-forge/noarch/h11-0.16.0-pyhcf101f3_1.conda
      - conda: https://conda.anaconda.org/conda-forge/noarch/h2-4.4.1-pyhcf101f3_0.conda
      - conda: https://conda.anaconda.org/conda-forge/noarch/hpack-4.2.0-pyhd8ed1ab_0.conda
      - conda: https://conda.anaconda.org/conda-forge/noarch/httpcore-1.0.9-pyh29332c3_0.conda
      - conda: https://conda.anaconda.org/conda-forge/noarch/httpx-0.28.1-pyhd8ed1ab_0.conda
      - conda: https://conda.anaconda.org/conda-forge/noarch/hyperframe-6.1.0-pyhd8ed1ab_0.conda
      - conda: https://conda.anaconda.org/conda-forge/noarch/idna-3.18-pyhcf101f3_0.conda
      - conda: https://conda.anaconda.org/conda-forge/noarch/jinja2-3.1.6-pyhcf101f3_1.conda
      - conda: https://conda.anaconda.org/conda-forge/noarch/markdown-it-py-4.2.0-pyhd8ed1ab_0.conda
      - conda: https://conda.anaconda.org/conda-forge/noarch/mdurl-0.1.2-pyhd8ed1ab_1.conda
      - conda: https://conda.anaconda.org/conda-forge/noarch/pydantic-2.13.4-pyhcf101f3_0.conda
      - conda: https://conda.anaconda.org/conda-forge/noarch/pydantic-extra-types-2.11.1-pyhcf101f3_0.conda
      - conda: https://conda.anaconda.org/conda-forge/noarch/pydantic-settings-2.15.0-pyhcf101f3_0.conda
      - conda: https://conda.anaconda.org/conda-forge/noarch/pygments-2.20.0-pyhd8ed1ab_0.conda
      - conda: https://conda.anaconda.org/conda-forge/noarch/python-dotenv-1.2.2-pyhcf101f3_0.conda
      - conda: https://conda.anaconda.org/conda-forge/noarch/python-multipart-0.0.32-pyhcf101f3_0.conda
      - conda: https://conda.anaconda.org/conda-forge/noarch/python_abi-3.11-8_cp311.conda
      - conda: https://conda.anaconda.org/conda-forge/noarch/rich-15.0.0-pyhcf101f3_0.conda
      - conda: https://conda.anaconda.org/conda-forge/noarch/rich-toolkit-0.20.3-pyhcf101f3_0.conda
      - conda: https://conda.anaconda.org/conda-forge/noarch/shellingham-1.5.4-pyhd8ed1ab_2.conda
      - conda: https://conda.anaconda.org/conda-forge/noarch/sniffio-1.3.1-pyhd8ed1ab_2.conda
      - conda: https://conda.anaconda.org/conda-forge/noarch/sse-starlette-3.4.8-pyhd8ed1ab_0.conda
      - conda: https://conda.anaconda.org/conda-forge/noarch/starlette-1.6.0-pyhcf101f3_0.conda
      - conda: https://conda.anaconda.org/conda-forge/noarch/starlette-context-0.3.6-pyhd8ed1ab_1.conda
      - conda: https://conda.anaconda.org/conda-forge/noarch/tomli-2.4.1-pyhcf101f3_0.conda
      - conda: https://conda.anaconda.org/conda-forge/noarch/typer-0.27.1-pyhcf101f3_0.conda
      - conda: https://conda.anaconda.org/conda-forge/noarch/typing-extensions-4.16.0-h69aa097_0.conda
      - conda: https://conda.anaconda.org/conda-forge/noarch/typing-inspection-0.4.3-pyhcf101f3_0.conda
      - conda: https://conda.anaconda.org/conda-forge/noarch/typing_extensions-4.16.0-pyhcf101f3_0.conda
      - conda: https://conda.anaconda.org/conda-forge/noarch/tzdata-2026c-h151e31d_0.conda
      - conda: https://conda.anaconda.org/conda-forge/noarch/uvicorn-0.52.3-pyhc90fa1f_0.conda
      - conda: https://conda.anaconda.org/conda-forge/noarch/uvicorn-standard-0.52.3-h06cadbb_0.conda
      - conda: https://conda.anaconda.org/conda-forge/osx-arm64/_openmp_mutex-4.5-7_kmp_llvm.conda
      - conda: https://conda.anaconda.org/conda-forge/osx-arm64/bzip2-1.0.8-h4e30115_10.conda
      - conda: https://conda.anaconda.org/conda-forge/osx-arm64/c-ares-1.34.8-h1a92334_1.conda
      - conda: https://conda.anaconda.org/conda-forge/osx-arm64/fastar-0.11.0-py311h619901f_0.conda
      - conda: https://conda.anaconda.org/conda-forge/osx-arm64/httptools-0.7.1-py311h9408147_1.conda
      - conda: https://conda.anaconda.org/conda-forge/osx-arm64/icu-78.3-py310h579977c_2.conda
      - conda: https://conda.anaconda.org/conda-forge/osx-arm64/krb5-1.22.2-hfd3d5f3_1.conda
      - conda: https://conda.anaconda.org/conda-forge/osx-arm64/libblas-3.11.0-9_h51639a9_openblas.conda
      - conda: https://conda.anaconda.org/conda-forge/osx-arm64/libcblas-3.11.0-9_hb0561ab_openblas.conda
      - conda: https://conda.anaconda.org/conda-forge/osx-arm64/libcurl-8.21.0-hf618e03_4.conda
      - conda: https://conda.anaconda.org/conda-forge/osx-arm64/libcxx-22.1.8-h55c6f16_0.conda
      - conda: https://conda.anaconda.org/conda-forge/osx-arm64/libedit-3.1.20250104-pl5321h26f1114_1.conda
      - conda: https://conda.anaconda.org/conda-forge/osx-arm64/libev-4.33-h1a92334_3.conda
      - conda: https://conda.anaconda.org/conda-forge/osx-arm64/libexpat-2.8.1-hf6b4638_1.conda
      - conda: https://conda.anaconda.org/conda-forge/osx-arm64/libffi-3.7.0-hcf2aa1b_0.conda
      - conda: https://conda.anaconda.org/conda-forge/osx-arm64/libgcc-16.1.0-h3cf6597_1.conda
      - conda: https://conda.anaconda.org/conda-forge/osx-arm64/libgfortran-16.1.0-h07b0088_1.conda
      - conda: https://conda.anaconda.org/conda-forge/osx-arm64/libgfortran5-16.1.0-h32cdfcc_1.conda
      - conda: https://conda.anaconda.org/conda-forge/osx-arm64/liblapack-3.11.0-9_hd9741b5_openblas.conda
      - conda: https://conda.anaconda.org/conda-forge/osx-arm64/liblzma-5.8.3-h8088a28_1.conda
      - conda: https://conda.anaconda.org/conda-forge/osx-arm64/libnghttp2-1.68.1-h8f3e76b_0.conda
      - conda: https://conda.anaconda.org/conda-forge/osx-arm64/libopenblas-0.3.34-openmp_he657e61_0.conda
      - conda: https://conda.anaconda.org/conda-forge/osx-arm64/libpsl-0.23.1-h7a62e17_0.conda
      - conda: https://conda.anaconda.org/conda-forge/osx-arm64/libsqlite-3.53.4-h1ae2325_0.conda
      - conda: https://conda.anaconda.org/conda-forge/osx-arm64/libssh2-1.11.1-hbf2880b_1.conda
      - conda: https://conda.anaconda.org/conda-forge/osx-arm64/libuv-1.52.1-h1a92334_1.conda
      - conda: https://conda.anaconda.org/conda-forge/osx-arm64/libzlib-1.3.2-h8088a28_3.conda
      - conda: https://conda.anaconda.org/conda-forge/osx-arm64/llama-cpp-python-0.3.34-py311h8948835_1.conda
      - conda: https://conda.anaconda.org/conda-forge/osx-arm64/llama.cpp-9923-cpu_accelerate_hc75c975_0.conda
      - conda: https://conda.anaconda.org/conda-forge/osx-arm64/llvm-openmp-22.1.8-hc7d1edf_0.conda
      - conda: https://conda.anaconda.org/conda-forge/osx-arm64/markupsafe-3.0.3-py311hc290fe0_1.conda
      - conda: https://conda.anaconda.org/conda-forge/osx-arm64/ncurses-6.6-he64c551_1.conda
      - conda: https://conda.anaconda.org/conda-forge/osx-arm64/numpy-2.4.6-py311hbd1492f_0.conda
      - conda: https://conda.anaconda.org/conda-forge/osx-arm64/openssl-3.6.3-hd24854e_1.conda
      - conda: https://conda.anaconda.org/conda-forge/osx-arm64/pydantic-core-2.46.4-py311hf7c400d_0.conda
      - conda: https://conda.anaconda.org/conda-forge/osx-arm64/python-3.11.15-hd1323d7_2_cpython.conda
      - conda: https://conda.anaconda.org/conda-forge/osx-arm64/pyyaml-6.0.3-py311hc290fe0_1.conda
      - conda: https://conda.anaconda.org/conda-forge/osx-arm64/readline-8.3-h46df422_0.conda
      - conda: https://conda.anaconda.org/conda-forge/osx-arm64/tk-8.6.13-hd3d0363_3.conda
      - conda: https://conda.anaconda.org/conda-forge/osx-arm64/uvloop-0.22.1-py311h9408147_1.conda
      - conda: https://conda.anaconda.org/conda-forge/osx-arm64/watchfiles-1.2.0-py311haff49d3_1.conda
      - conda: https://conda.anaconda.org/conda-forge/osx-arm64/websockets-17.0.1-py311h5277e72_0.conda
      - conda: https://conda.anaconda.org/conda-forge/osx-arm64/yaml-0.2.5-h925e9cb_3.conda
      - conda: https://conda.anaconda.org/conda-forge/osx-arm64/zstd-1.5.7-hf451053_7.conda
packages:
- conda: https://conda.anaconda.org/conda-forge/noarch/annotated-doc-0.0.5-pyhcf101f3_0.conda
  sha256: a0a320c709fded9b5178108dedebf81a1f5a5d9c7720e3af50c1ab058dadd296
  md5: d68ec17cb915cab4642357417ec0a104
  depends:
  - python >=3.10
  - python
  license: MIT
  license_family: MIT
  run_exports: {}
  size: 16785
  timestamp: 1785335690199
- conda: https://conda.anaconda.org/conda-forge/noarch/annotated-types-0.8.0-pyhd8ed1ab_0.conda
  sha256: b8fcb994134d3918d1c64a9d62f4168ff85d5bfb89e698102fe4ed679fe0df24
  md5: 108c928d2a8551832dbc762b535e90bb
  depends:
  - python >=3.10
  - typing-extensions >=4.0.0
  license: MIT
  license_family: MIT
  run_exports: {}
  size: 19461
  timestamp: 1784935220549
- conda: https://conda.anaconda.org/conda-forge/noarch/anyio-4.14.2-pyhcf101f3_0.conda
  sha256: e36998c5e860e26b22e5dbcd5726dd0c4eabad949c84d383cad8512757bbf6a1
  md5: fb568fbae6908ba86a090a85a089d11f
  depends:
  - exceptiongroup >=1.0.2
  - idna >=2.8
  - python >=3.10
  - typing_extensions >=4.5
  - python
  constrains:
  - trio >=0.32.0
  - uvloop >=0.22.1
  - winloop >=0.2.3
  license: MIT
  license_family: MIT
  run_exports: {}
  size: 164465
  timestamp: 1783889660383
- conda: https://conda.anaconda.org/conda-forge/noarch/ca-certificates-2026.7.22-hbd8a1cb_0.conda
  sha256: 0a0544cf95f64394fe4959286f5c71f5444ad58feb0602e53becb27448d24da6
  md5: 0f51e2391ade309db462a55611263e9c
  depends:
  - __unix
  license: ISC
  run_exports: {}
  size: 131780
  timestamp: 1784754889428
- conda: https://conda.anaconda.org/conda-forge/noarch/certifi-2026.7.22-pyhd8ed1ab_0.conda
  sha256: fb167de4388e64e52aa3907ed099afab944c1fa6e5f74b281a312dae1bcf7f3b
  md5: 37e13edbe3b48f1095a9d085ef9cd83b
  depends:
  - python >=3.10
  license: ISC
  run_exports: {}
  size: 137015
  timestamp: 1784717699092
- conda: https://conda.anaconda.org/conda-forge/noarch/click-8.4.2-pyhc90fa1f_0.conda
  sha256: ccc4787f511964f9a1f2d2d2859c91c5d571fb60f7f09d4c4e092c9b7a94e671
  md5: 2c4bd6aeb90bb157456841c3270a0d92
  depends:
  - __unix
  - python
  - python >=3.10
  license: BSD-3-Clause
  license_family: BSD
  run_exports: {}
  size: 107155
  timestamp: 1783085363526
- conda: https://conda.anaconda.org/conda-forge/noarch/colorama-0.4.6-pyhd8ed1ab_1.conda
  sha256: ab29d57dc70786c1269633ba3dff20288b81664d3ff8d21af995742e2bb03287
  md5: 962b9857ee8e7018c22f2776ffa0b2d7
  depends:
  - python >=3.9
  license: BSD-3-Clause
  license_family: BSD
  run_exports: {}
  size: 27011
  timestamp: 1733218222191
- conda: https://conda.anaconda.org/conda-forge/noarch/diskcache-5.6.3-pyhd8ed1ab_1.conda
  sha256: 8430e56d52fe9eb46543d29c4c01388d5e085478d25b93a7c06d0a867648c5c5
  md5: 1c33d47dcfb2f90c80c6d2213f9d65d7
  depends:
  - python >=3.9
  license: Apache-2.0
  license_family: Apache
  run_exports: {}
  size: 40077
  timestamp: 1734196372938
- conda: https://conda.anaconda.org/conda-forge/noarch/dnspython-2.8.0-pyhcf101f3_0.conda
  sha256: ef1e7b8405997ed3d6e2b6722bd7088d4a8adf215e7c88335582e65651fb4e05
  md5: d73fdc05f10693b518f52c994d748c19
  depends:
  - python >=3.10,<4.0.0
  - sniffio
  - python
  constrains:
  - aioquic >=1.2.0
  - cryptography >=45
  - httpcore >=1.0.0
  - httpx >=0.28.0
  - h2 >=4.2.0
  - idna >=3.10
  - trio >=0.30
  - wmi >=1.5.1
  license: ISC
  run_exports: {}
  size: 196500
  timestamp: 1757292856922
- conda: https://conda.anaconda.org/conda-forge/noarch/email-validator-2.3.0-pyhd8ed1ab_0.conda
  sha256: c37320864c35ef996b0e02e289df6ee89582d6c8e233e18dc9983375803c46bb
  md5: 3bc0ac31178387e8ed34094d9481bfe8
  depends:
  - dnspython >=2.0.0
  - idna >=2.0.0
  - python >=3.10
  license: Unlicense
  run_exports: {}
  size: 46767
  timestamp: 1756221480106
- conda: https://conda.anaconda.org/conda-forge/noarch/email_validator-2.3.0-hd8ed1ab_0.conda
  sha256: 6a518e00d040fcad016fb2dde29672aa3476cd9ae33ea5b7b257222e66037d89
  md5: 2452e434747a6b742adc5045f2182a8e
  depends:
  - email-validator >=2.3.0,<2.3.1.0a0
  license: Unlicense
  run_exports: {}
  size: 7077
  timestamp: 1756221480651
- conda: https://conda.anaconda.org/conda-forge/noarch/exceptiongroup-1.3.1-pyhd8ed1ab_0.conda
  sha256: ee6cf346d017d954255bbcbdb424cddea4d14e4ed7e9813e429db1d795d01144
  md5: 8e662bd460bda79b1ea39194e3c4c9ab
  depends:
  - python >=3.10
  - typing_extensions >=4.6.0
  license: MIT and PSF-2.0
  run_exports: {}
  size: 21333
  timestamp: 1763918099466
- conda: https://conda.anaconda.org/conda-forge/noarch/fastapi-0.141.1-h76d476e_0.conda
  sha256: e02b67926bf38b65c05761914981939b9f06e252b5a06f4fe1e803c6ba0692a2
  md5: f17ba6ff4f4bd297242b084e798f2b98
  depends:
  - fastapi-core ==0.141.1 pyhcf101f3_0
  - email_validator
  - fastapi-cli
  - fastar
  - httpx
  - jinja2
  - pydantic-extra-types
  - pydantic-settings
  - python-multipart
  - uvicorn-standard
  license: MIT
  license_family: MIT
  run_exports: {}
  size: 4836
  timestamp: 1785373461610
- conda: https://conda.anaconda.org/conda-forge/noarch/fastapi-cli-0.0.32-pyhcf101f3_0.conda
  sha256: 904e4b2abe0345ac9a51d2f64b716918ef3a9ad496252f8874864fb0ffbe8d31
  md5: 873835dd2a01dd8844086f1cde2067ce
  depends:
  - python >=3.10
  - rich-toolkit >=0.14.8
  - tomli >=2.0.0
  - typer >=0.16
  - uvicorn-standard >=0.15.0
  - python
  license: MIT
  license_family: MIT
  run_exports: {}
  size: 20791
  timestamp: 1784211753962
- conda: https://conda.anaconda.org/conda-forge/noarch/fastapi-core-0.141.1-pyhcf101f3_0.conda
  sha256: c25dbc0fc05f8040bdab76c2d98cd5e43a7b96dc2d1a6aebe2dce10b864e211b
  md5: a81b247d4f26223a8cfe8b502f24f8a0
  depends:
  - python >=3.10
  - annotated-doc >=0.0.2
  - starlette >=0.46.0
  - typing_extensions >=4.8.0
  - typing-inspection >=0.4.2
  - pydantic >=2.9.0
  - python
  constrains:
  - email_validator >=2.0.0
  - fastapi-cli >=0.0.32
  - fastar >=0.9.0
  - httpx >=0.23.0,<1.0.0
  - jinja2 >=3.1.5
  - pydantic-extra-types >=2.0.0
  - pydantic-settings >=2.0.0
  - python-multipart >=0.0.18
  - uvicorn-standard >=0.12.0
  license: MIT
  license_family: MIT
  run_exports: {}
  size: 105158
  timestamp: 1785373461610
- conda: https://conda.anaconda.org/conda-forge/noarch/h11-0.16.0-pyhcf101f3_1.conda
  sha256: 96cac6573fd35ae151f4d6979bab6fbc90cb6b1fb99054ba19eb075da9822fcb
  md5: b8993c19b0c32a2f7b66cbb58ca27069
  depends:
  - python >=3.10
  - typing_extensions
  - python
  license: MIT
  license_family: MIT
  run_exports: {}
  size: 39069
  timestamp: 1767729720872
- conda: https://conda.anaconda.org/conda-forge/noarch/h2-4.4.1-pyhcf101f3_0.conda
  sha256: 307dd6ec90140c3cf4171071b0e5e870abec314f4565c1edd5bc433e942cdcc0
  md5: e652ac7756069c456d0da2a922cd7df5
  depends:
  - python >=3.10
  - hyperframe >=6.1,<7
  - hpack >=4.2,<5
  - python
  license: MIT
  license_family: MIT
  run_exports: {}
  size: 100789
  timestamp: 1785796355216
- conda: https://conda.anaconda.org/conda-forge/noarch/hpack-4.2.0-pyhd8ed1ab_0.conda
  sha256: fdcea5d7cb314485d3907192ef024c704311548c5b0cbeb390cd1951051e29d2
  md5: b395909221b9bd1df066e5930e18855b
  depends:
  - python >=3.10
  license: MIT
  license_family: MIT
  run_exports: {}
  size: 32884
  timestamp: 1782283986153
- conda: https://conda.anaconda.org/conda-forge/noarch/httpcore-1.0.9-pyh29332c3_0.conda
  sha256: 04d49cb3c42714ce533a8553986e1642d0549a05dc5cc48e0d43ff5be6679a5b
  md5: 4f14640d58e2cc0aa0819d9d8ba125bb
  depends:
  - python >=3.9
  - h11 >=0.16
  - h2 >=3,<5
  - sniffio 1.*
  - anyio >=4.0,<5.0
  - certifi
  - python
  license: BSD-3-Clause
  license_family: BSD
  run_exports: {}
  size: 49483
  timestamp: 1745602916758
- conda: https://conda.anaconda.org/conda-forge/noarch/httpx-0.28.1-pyhd8ed1ab_0.conda
  sha256: cd0f1de3697b252df95f98383e9edb1d00386bfdd03fdf607fa42fe5fcb09950
  md5: d6989ead454181f4f9bc987d3dc4e285
  depends:
  - anyio
  - certifi
  - httpcore 1.*
  - idna
  - python >=3.9
  license: BSD-3-Clause
  license_family: BSD
  run_exports: {}
  size: 63082
  timestamp: 1733663449209
- conda: https://conda.anaconda.org/conda-forge/noarch/hyperframe-6.1.0-pyhd8ed1ab_0.conda
  sha256: 77af6f5fe8b62ca07d09ac60127a30d9069fdc3c68d6b256754d0ffb1f7779f8
  md5: 8e6923fc12f1fe8f8c4e5c9f343256ac
  depends:
  - python >=3.9
  license: MIT
  license_family: MIT
  run_exports: {}
  size: 17397
  timestamp: 1737618427549
- conda: https://conda.anaconda.org/conda-forge/noarch/idna-3.18-pyhcf101f3_0.conda
  sha256: c75632ea624aa450a394f570749420c5a2e0997d0216bc29d5d45b0f39df0426
  md5: 577b04680ae422adb86fc60d7b940659
  depends:
  - python >=3.10
  - python
  license: BSD-3-Clause
  license_family: BSD
  run_exports: {}
  size: 163869
  timestamp: 1781620148226
- conda: https://conda.anaconda.org/conda-forge/noarch/jinja2-3.1.6-pyhcf101f3_1.conda
  sha256: fc9ca7348a4f25fed2079f2153ecdcf5f9cf2a0bc36c4172420ca09e1849df7b
  md5: 04558c96691bed63104678757beb4f8d
  depends:
  - markupsafe >=2.0
  - python >=3.10
  - python
  license: BSD-3-Clause
  license_family: BSD
  run_exports: {}
  size: 120685
  timestamp: 1764517220861
- conda: https://conda.anaconda.org/conda-forge/noarch/markdown-it-py-4.2.0-pyhd8ed1ab_0.conda
  sha256: 0c4c35376fe920714390d46e4b8d31c876d65f18e1655899e0763ec25f2a902f
  md5: 6d03368f2b2b0a5fb6839df53b2eb5e0
  depends:
  - mdurl >=0.1,<1
  - python >=3.10
  license: MIT
  license_family: MIT
  run_exports: {}
  size: 69017
  timestamp: 1778169663339
- conda: https://conda.anaconda.org/conda-forge/noarch/mdurl-0.1.2-pyhd8ed1ab_1.conda
  sha256: 78c1bbe1723449c52b7a9df1af2ee5f005209f67e40b6e1d3c7619127c43b1c7
  md5: 592132998493b3ff25fd7479396e8351
  depends:
  - python >=3.9
  license: MIT
  license_family: MIT
  run_exports: {}
  size: 14465
  timestamp: 1733255681319
- conda: https://conda.anaconda.org/conda-forge/noarch/pydantic-2.13.4-pyhcf101f3_0.conda
  sha256: 69700e31165df070e9716315e042196aa92525dae5deb5107785847ab9f4189f
  md5: 729843edafc0899b3348bd3f19525b9d
  depends:
  - typing-inspection >=0.4.2
  - typing_extensions >=4.14.1
  - python >=3.10
  - annotated-types >=0.6.0
  - pydantic-core ==2.46.4
  - python
  license: MIT
  license_family: MIT
  run_exports: {}
  size: 346511
  timestamp: 1778103405862
- conda: https://conda.anaconda.org/conda-forge/noarch/pydantic-extra-types-2.11.1-pyhcf101f3_0.conda
  sha256: 385a900cf5d1d39dafab6088537c58a32d572fd237d7c4598def92c4c1120cb8
  md5: 96513760035d70917819a2840155d23a
  depends:
  - python >=3.10
  - pydantic >=2.5.2
  - python
  constrains:
  - phonenumbers >=8,<9
  - pycountry >=23
  - semver >=3.0.2,<4
  - python-ulid >=1,<4
  - pendulum >=3.0.0,<4.0.0
  - pytz >=2024.1
  - tzdata >=2024a
  license: MIT
  license_family: MIT
  run_exports: {}
  size: 72040
  timestamp: 1773664659868
- conda: https://conda.anaconda.org/conda-forge/noarch/pydantic-settings-2.15.0-pyhcf101f3_0.conda
  sha256: 674e1ba12010a88441f817a318d3cec7e7a7682813ebd3f427fbd1c6766a16af
  md5: 687adac0b3eb2dd73762e9f912b4549e
  depends:
  - typing-inspection >=0.4.0
  - python >=3.10
  - pydantic >=2.7.0
  - python-dotenv >=0.21.0
  - python
  license: MIT
  license_family: MIT
  run_exports: {}
  size: 60984
  timestamp: 1786146776076
- conda: https://conda.anaconda.org/conda-forge/noarch/pygments-2.20.0-pyhd8ed1ab_0.conda
  sha256: cf70b2f5ad9ae472b71235e5c8a736c9316df3705746de419b59d442e8348e86
  md5: 16c18772b340887160c79a6acc022db0
  depends:
  - python >=3.10
  license: BSD-2-Clause
  license_family: BSD
  run_exports: {}
  size: 893031
  timestamp: 1774796815820
- conda: https://conda.anaconda.org/conda-forge/noarch/python-dotenv-1.2.2-pyhcf101f3_0.conda
  sha256: 74e417a768f59f02a242c25e7db0aa796627b5bc8c818863b57786072aeb85e5
  md5: 130584ad9f3a513cdd71b1fdc1244e9c
  depends:
  - python >=3.10
  license: BSD-3-Clause
  license_family: BSD
  run_exports: {}
  size: 27848
  timestamp: 1772388605021
- conda: https://conda.anaconda.org/conda-forge/noarch/python-multipart-0.0.32-pyhcf101f3_0.conda
  sha256: 7dde902994a99993b616d597783fcd0ce3265a550feffbd0890b1329c9dff7e0
  md5: f54d00b369042e8e0e235b1a1a817487
  depends:
  - python >=3.10
  - python
  license: Apache-2.0
  license_family: APACHE
  run_exports: {}
  size: 38132
  timestamp: 1780610429919
- conda: https://conda.anaconda.org/conda-forge/noarch/python_abi-3.11-8_cp311.conda
  build_number: 8
  sha256: fddf123692aa4b1fc48f0471e346400d9852d96eeed77dbfdd746fa50a8ff894
  md5: 8fcb6b0e2161850556231336dae58358
  constrains:
  - python 3.11.* *_cpython
  license: BSD-3-Clause
  license_family: BSD
  run_exports: {}
  size: 7003
  timestamp: 1752805919375
- conda: https://conda.anaconda.org/conda-forge/noarch/rich-15.0.0-pyhcf101f3_0.conda
  sha256: 3d6ba2c0fcdac3196ba2f0615b4104e532525ffa1335b50a2878be5ff488814a
  md5: 0242025a3c804966bf71aa04eee82f66
  depends:
  - markdown-it-py >=2.2.0
  - pygments >=2.13.0,<3.0.0
  - python >=3.10
  - typing_extensions >=4.0.0,<5.0.0
  - python
  license: MIT
  license_family: MIT
  run_exports: {}
  size: 208577
  timestamp: 1775991661559
- conda: https://conda.anaconda.org/conda-forge/noarch/rich-toolkit-0.20.3-pyhcf101f3_0.conda
  sha256: 104fbf62487954552edb19ee8706a0d2c9383ff1e1e16ab31c6947d20d34a862
  md5: 3296ee717391681ab734f0a01c89ac85
  depends:
  - python >=3.10
  - rich >=13.7.1
  - click >=8.1.7
  - typing_extensions >=4.12.2
  - python
  license: MIT
  license_family: MIT
  run_exports: {}
  size: 34824
  timestamp: 1784024058693
- conda: https://conda.anaconda.org/conda-forge/noarch/shellingham-1.5.4-pyhd8ed1ab_2.conda
  sha256: 1d6534df8e7924d9087bd388fbac5bd868c5bf8971c36885f9f016da0657d22b
  md5: 83ea3a2ddb7a75c1b09cea582aa4f106
  depends:
  - python >=3.10
  license: MIT
  license_family: MIT
  run_exports: {}
  size: 15018
  timestamp: 1762858315311
- conda: https://conda.anaconda.org/conda-forge/noarch/sniffio-1.3.1-pyhd8ed1ab_2.conda
  sha256: dce518f45e24cd03f401cb0616917773159a210c19d601c5f2d4e0e5879d30ad
  md5: 03fe290994c5e4ec17293cfb6bdce520
  depends:
  - python >=3.10
  license: Apache-2.0
  license_family: Apache
  run_exports: {}
  size: 15698
  timestamp: 1762941572482
- conda: https://conda.anaconda.org/conda-forge/noarch/sse-starlette-3.4.8-pyhd8ed1ab_0.conda
  sha256: 929ba68f9a5eaa2f2a79698d7423eb6ac5fae781b96396526b50acd3d2503304
  md5: 0d1df87ce2c25c98492ea0846b8ae543
  depends:
  - anyio >=4.7.0
  - python >=3.10
  - starlette >=0.49.1
  license: BSD-3-Clause
  license_family: BSD
  run_exports: {}
  size: 22175
  timestamp: 1785980698575
- conda: https://conda.anaconda.org/conda-forge/noarch/starlette-1.6.0-pyhcf101f3_0.conda
  sha256: 6074c6d74e86b156a61ff37f2c3f7a29bd188f05d5f490d88db96131eb945e95
  md5: 7b7d3f2bcca2be53635bd4f1166b04a7
  depends:
  - anyio >=3.6.2,<5
  - python >=3.10
  - typing_extensions >=4.10.0
  - python
  license: BSD-3-Clause
  license_family: BSD
  run_exports: {}
  size: 65974
  timestamp: 1786315934415
- conda: https://conda.anaconda.org/conda-forge/noarch/starlette-context-0.3.6-pyhd8ed1ab_1.conda
  sha256: e471c7de3fc65e6b9f498f1e31a7a4e45a7192742bee5de6c9ffb446fe3c0390
  md5: d484a64bae3ca65f0cc9022ca26e0ce2
  depends:
  - python >=3.9,<4.0
  - starlette
  license: MIT
  license_family: MIT
  run_exports: {}
  size: 15257
  timestamp: 1735139403381
- conda: https://conda.anaconda.org/conda-forge/noarch/tomli-2.4.1-pyhcf101f3_0.conda
  sha256: 91cafdb64268e43e0e10d30bd1bef5af392e69f00edd34dfaf909f69ab2da6bd
  md5: b5325cf06a000c5b14970462ff5e4d58
  depends:
  - python >=3.10
  - python
  license: MIT
  license_family: MIT
  run_exports: {}
  size: 21561
  timestamp: 1774492402955
- conda: https://conda.anaconda.org/conda-forge/noarch/typer-0.27.1-pyhcf101f3_0.conda
  sha256: cfa5c42642e238e5a4200ac3ff5f46b7997fae6c6f8d4c84909be58d5356f7ce
  md5: 8df7a3ee62a94dca4ea22c3f4d38d9eb
  depends:
  - annotated-doc >=0.0.2
  - colorama
  - python >=3.10
  - rich >=13.8.0
  - shellingham >=1.3.0
  - python
  license: MIT AND BSD-3-Clause
  run_exports: {}
  size: 188113
  timestamp: 1785796291853
- conda: https://conda.anaconda.org/conda-forge/noarch/typing-extensions-4.16.0-h69aa097_0.conda
  sha256: b141933ece3518f6d7b75dfb59451e2f26b405a44c18e2518a83e9a02e09315c
  md5: c680b5747e8c4c8f23dca0bb7042a8fc
  depends:
  - typing_extensions ==4.16.0 pyhcf101f3_0
  license: PSF-2.0
  license_family: PSF
  run_exports: {}
  size: 94080
  timestamp: 1783002732887
- conda: https://conda.anaconda.org/conda-forge/noarch/typing-inspection-0.4.3-pyhcf101f3_0.conda
  sha256: f9d821cb64f2bd33cff02d4969d6b8f8f299b6209abae946ac8aa92927dc217a
  md5: 4934c9f5695514b925be8a5503bcd171
  depends:
  - python >=3.10
  - typing_extensions >=4.15.0
  - python
  license: MIT
  license_family: MIT
  run_exports: {}
  size: 20940
  timestamp: 1786372593154
- conda: https://conda.anaconda.org/conda-forge/noarch/typing_extensions-4.16.0-pyhcf101f3_0.conda
  sha256: 2d888f90af0686044882c74193ec80a90ec1943145d94a7b1b048958acda1848
  md5: c70ad746c22219b9700931707482992c
  depends:
  - python >=3.10
  - python
  license: PSF-2.0
  license_family: PSF
  run_exports: {}
  size: 52631
  timestamp: 1783002732887
- conda: https://conda.anaconda.org/conda-forge/noarch/tzdata-2026c-h151e31d_0.conda
  sha256: b928c30ddcb0e3f544c6eade8352737e6e610e263276b90232db6a578ef899d8
  md5: fcb489df604d100968b737f2cb6076c6
  license: LicenseRef-Public-Domain
  run_exports: {}
  size: 118849
  timestamp: 1784250406640
- conda: https://conda.anaconda.org/conda-forge/noarch/uvicorn-0.52.3-pyhc90fa1f_0.conda
  sha256: cecd914f7a68bd7f041d3600fafe3933917935d8ef7287fee80f0c1022f164e2
  md5: 18a97844e290dfbb8659834189ed305c
  depends:
  - __unix
  - click >=7.0
  - h11 >=0.8
  - python >=3.10
  - typing_extensions >=4.0
  - python
  license: BSD-3-Clause
  run_exports: {}
  size: 60188
  timestamp: 1786717146952
- conda: https://conda.anaconda.org/conda-forge/noarch/uvicorn-standard-0.52.3-h06cadbb_0.conda
  sha256: c591d7159e479f4cba211f3dab5c5d2fa91b458666a3a9dc112c40183bc3feb0
  md5: 63f438641f0f47320c896579b9be2c3f
  depends:
  - __unix
  - uvicorn ==0.52.3 pyhc90fa1f_0
  - websockets >=10.4
  - httptools >=0.6.3
  - watchfiles >=0.20
  - python-dotenv >=0.13
  - pyyaml >=5.1
  - uvloop >=0.15.1
  license: BSD-3-Clause
  run_exports: {}
  size: 4159
  timestamp: 1786717146952
- conda: https://conda.anaconda.org/conda-forge/osx-arm64/_openmp_mutex-4.5-7_kmp_llvm.conda
  build_number: 7
  sha256: 7acaa2e0782cad032bdaf756b536874346ac1375745fb250e9bdd6a48a7ab3cd
  md5: a44032f282e7d2acdeb1c240308052dd
  depends:
  - llvm-openmp >=9.0.1
  license: BSD-3-Clause
  license_family: BSD
  run_exports:
    weak:
    - _openmp_mutex >=4.5
  size: 8325
  timestamp: 1764092507920
- conda: https://conda.anaconda.org/conda-forge/osx-arm64/bzip2-1.0.8-h4e30115_10.conda
  sha256: 8ec22f0ba25cbfc2e64d70cf29459eccd7ffdf6436f6a6ff15bbfef799f7d4f6
  md5: b50612e7d190b8061ab4e7dc119cf4d5
  depends:
  - __osx >=11.0
  license: bzip2-1.0.6
  license_family: BSD
  run_exports:
    weak:
    - bzip2 >=1.0.8,<2.0a0
  size: 124965
  timestamp: 1785906749812
- conda: https://conda.anaconda.org/conda-forge/osx-arm64/c-ares-1.34.8-h1a92334_1.conda
  sha256: 104b41473845649101ba8ebf8221c7431256465d34ce380b10e9a90558ed33ac
  md5: 7d9390a4d4b43f91652823d870f68065
  depends:
  - __osx >=11.0
  constrains:
  - c-ares-static <0a0
  license: MIT
  license_family: MIT
  run_exports:
    weak:
    - c-ares >=1.34.8,<2.0a0
  size: 197274
  timestamp: 1786116660078
- conda: https://conda.anaconda.org/conda-forge/osx-arm64/fastar-0.11.0-py311h619901f_0.conda
  sha256: 15db6e8af97c2c43bf627e58b92d9ce2609e04a1324542f914f2df56098e8f1b
  md5: 7316ac6e7b197aa554fec76b9ef19038
  depends:
  - python
  - __osx >=11.0
  - python_abi 3.11.* *_cp311
  - zstd >=1.5.7,<1.6.0a0
  constrains:
  - __osx >=11.0
  license: MIT
  license_family: MIT
  run_exports: {}
  size: 382692
  timestamp: 1776177847541
- conda: https://conda.anaconda.org/conda-forge/osx-arm64/httptools-0.7.1-py311h9408147_1.conda
  sha256: d579c5e36d63c4c446bf0af235066ba13f7ceeeb3dd27e1dabbc6a4d763d3238
  md5: e496d13e81bcd9f6ca47cd4629da9120
  depends:
  - __osx >=11.0
  - python >=3.11,<3.12.0a0
  - python >=3.11,<3.12.0a0 *_cpython
  - python_abi 3.11.* *_cp311
  license: MIT
  license_family: MIT
  run_exports: {}
  size: 88562
  timestamp: 1762504418487
- conda: https://conda.anaconda.org/conda-forge/osx-arm64/icu-78.3-py310h579977c_2.conda
  sha256: 6cdb5dee54c72e56ab189fb3ad33cb28533553d42590e7e831160248f4416a43
  md5: a5efc0b42bb8b42e97d0a29ae3e3c187
  depends:
  - __osx >=11.0
  license: MIT
  license_family: MIT
  run_exports:
    weak:
    - icu >=78.3,<79.0a0
  size: 14070242
  timestamp: 1786545847761
- conda: https://conda.anaconda.org/conda-forge/osx-arm64/krb5-1.22.2-hfd3d5f3_1.conda
  sha256: c740e4a2e7247776a9883158fdab50ae0732c8f67f96d8f1db8ad9da5e0b5222
  md5: 8780f41b013d19219faef9c82260744b
  depends:
  - __osx >=11.0
  - libcxx >=19
  - libedit >=3.1.20250104,<3.2.0a0
  - libedit >=3.1.20250104,<4.0a0
  - openssl >=3.5.7,<4.0a0
  license: MIT
  license_family: MIT
  run_exports:
    weak:
    - krb5 >=1.22.2,<1.23.0a0
  size: 1159780
  timestamp: 1781859501654
- conda: https://conda.anaconda.org/conda-forge/osx-arm64/libblas-3.11.0-9_h51639a9_openblas.conda
  build_number: 9
  sha256: 0437866fe43b4c911470d3e7ddea18d78390bd7062d9563ce6d38c8ba5798405
  md5: cb1f85be9d88af453fcda3dfba995099
  depends:
  - libopenblas >=0.3.34,<0.3.35.0a0
  - libopenblas >=0.3.34,<1.0a0
  constrains:
  - blas 2.309   openblas
  - libcblas   3.11.0   9*_openblas
  - liblapack  3.11.0   9*_openblas
  - liblapacke 3.11.0   9*_openblas
  - mkl <2027
  license: BSD-3-Clause
  license_family: BSD
  run_exports:
    weak:
    - libblas >=3.11.0,<4.0a0
  size: 18162
  timestamp: 1786058887392
- conda: https://conda.anaconda.org/conda-forge/osx-arm64/libcblas-3.11.0-9_hb0561ab_openblas.conda
  build_number: 9
  sha256: c4c71f20fdb20c86bf6f61c8c31bb349e4055bb4d19928e8580bb5615039cb4b
  md5: a7b6ba94e3ca58bc7d4e1ae4ff95c215
  depends:
  - libblas 3.11.0 9_h51639a9_openblas
  constrains:
  - blas 2.309   openblas
  - liblapack  3.11.0   9*_openblas
  - liblapacke 3.11.0   9*_openblas
  license: BSD-3-Clause
  license_family: BSD
  run_exports:
    weak:
    - libcblas >=3.11.0,<4.0a0
  size: 18110
  timestamp: 1786058893756
- conda: https://conda.anaconda.org/conda-forge/osx-arm64/libcurl-8.21.0-hf618e03_4.conda
  sha256: d25be36712d7f854a5f93513b9fbf1b0ee3219975b7fef4a3ee071b021b10167
  md5: 66cf9c5003ee81ecdb0dc9f9df17bbe5
  depends:
  - __osx >=11.0
  - krb5 >=1.22.2,<1.23.0a0
  - libnghttp2 >=1.68.1,<2.0a0
  - libpsl >=0.23.0,<0.24.0a0
  - libssh2 >=1.11.1,<2.0a0
  - libzlib >=1.3.2,<2.0a0
  - openssl >=3.5.7,<4.0a0
  - zstd >=1.5.7,<1.6.0a0
  license: curl
  license_family: MIT
  run_exports:
    weak:
    - libcurl >=8.21.0,<9.0a0
  size: 411491
  timestamp: 1785500129743
- conda: https://conda.anaconda.org/conda-forge/osx-arm64/libcxx-22.1.8-h55c6f16_0.conda
  sha256: a2e7abab5add9750fab064c024394de48e49f97631c605ad5db5c8ac3fc769ef
  md5: 89f76a2a21a3ec3ec983b5eb237c4113
  depends:
  - __osx >=11.0
  license: Apache-2.0 WITH LLVM-exception
  license_family: Apache
  run_exports: {}
  size: 569349
  timestamp: 1781670209146
- conda: https://conda.anaconda.org/conda-forge/osx-arm64/libedit-3.1.20250104-pl5321h26f1114_1.conda
  sha256: 257c926f19e32bdb981fc674c76966049b6fc73f706bae58e9fed8757ad1da70
  md5: 843ef89082f368cb889305084d3b483c
  depends:
  - ncurses
  - __osx >=11.0
  - ncurses >=6.6,<7.0a0
  license: BSD-2-Clause
  license_family: BSD
  run_exports:
    weak:
    - libedit >=3.1.20250104,<3.2.0a0
  size: 107742
  timestamp: 1786616721640
- conda: https://conda.anaconda.org/conda-forge/osx-arm64/libev-4.33-h1a92334_3.conda
  sha256: c0100064506ae8abb432c5a506d474f10af2cf48c33d62bc221fb28b6d6ff6ac
  md5: 19e86c8a6a47e92bb2e70ca12e758c5c
  depends:
  - __osx >=11.0
  license: BSD-2-Clause OR GPL-2.0-or-later
  license_family: GPL
  run_exports:
    weak:
    - libev >=4.33,<4.34.0a0
  size: 39991
  timestamp: 1785917376956
- conda: https://conda.anaconda.org/conda-forge/osx-arm64/libexpat-2.8.1-hf6b4638_1.conda
  sha256: 5af74261101e3c777399c6294b2b5d290e508153268eb2e9ff99c4d69834612f
  md5: a915151d5d3c5bf039f5ccc8402a436f
  depends:
  - __osx >=11.0
  constrains:
  - expat 2.8.1.*
  license: MIT
  license_family: MIT
  run_exports: {}
  size: 69362
  timestamp: 1781203631990
- conda: https://conda.anaconda.org/conda-forge/osx-arm64/libffi-3.7.0-hcf2aa1b_0.conda
  sha256: 2c6ac9a6cd65af89b2bd448518bb1e13b44a2e48c0d469398e37bcfc0092e832
  md5: 92e8690d170d46d768c32553458c0105
  depends:
  - __osx >=11.0
  license: MIT
  license_family: MIT
  run_exports:
    weak:
    - libffi >=3.7.0,<3.8.0a0
  size: 43734
  timestamp: 1783521647536
- conda: https://conda.anaconda.org/conda-forge/osx-arm64/libgcc-16.1.0-h3cf6597_1.conda
  sha256: fdd1502babb50b802d090496586231f56236d7a6fc042a4e1ac2dee48da8366b
  md5: 0124dc2e6f70f3e8ebea643b42b18abb
  depends:
  - _openmp_mutex
  constrains:
  - libgomp 16.1.0 1
  - libgcc-ng ==16.1.0=*_1
  license: GPL-3.0-only WITH GCC-exception-3.1
  license_family: GPL
  run_exports: {}
  size: 364162
  timestamp: 1785374452947
- conda: https://conda.anaconda.org/conda-forge/osx-arm64/libgfortran-16.1.0-h07b0088_1.conda
  sha256: d7c6dd601dbbde495ab213a76d690b2fec19455d26c595ec0257cfde3e80166b
  md5: d6f10dbb9c5830f540904c91ea5b252a
  depends:
  - libgfortran5 16.1.0 h32cdfcc_1
  constrains:
  - libgfortran-ng ==16.1.0=*_1
  license: GPL-3.0-only WITH GCC-exception-3.1
  license_family: GPL
  run_exports: {}
  size: 98528
  timestamp: 1785374566402
- conda: https://conda.anaconda.org/conda-forge/osx-arm64/libgfortran5-16.1.0-h32cdfcc_1.conda
  sha256: 3e8cb79a421e0c350566717febdba9079574cbbe204591b4fd4b4081ea89cb92
  md5: c1c10ea48f95054aa9b93c2315a0a74a
  depends:
  - libgcc >=16.1.0
  constrains:
  - libgfortran 16.1.0
  license: GPL-3.0-only WITH GCC-exception-3.1
  license_family: GPL
  run_exports: {}
  size: 556657
  timestamp: 1785374459225
- conda: https://conda.anaconda.org/conda-forge/osx-arm64/liblapack-3.11.0-9_hd9741b5_openblas.conda
  build_number: 9
  sha256: db09e8e6a58415da1d866221cf518e53e84c6766a4500faae716cfa204f696ff
  md5: ecc87ca1e25bd94a08c82904eb4e6846
  depends:
  - libblas 3.11.0 9_h51639a9_openblas
  constrains:
  - blas 2.309   openblas
  - libcblas   3.11.0   9*_openblas
  - liblapacke 3.11.0   9*_openblas
  license: BSD-3-Clause
  license_family: BSD
  run_exports:
    weak:
    - liblapack >=3.11.0,<3.12.0a0
  size: 18144
  timestamp: 1786058899889
- conda: https://conda.anaconda.org/conda-forge/osx-arm64/liblzma-5.8.3-h8088a28_1.conda
  sha256: 23d0630046a3e8b164d8f80f2b74ed2605af2e7050ab9913018056402fae4311
  md5: 8ab10323068b107661a4b9a4af84f3b5
  depends:
  - __osx >=11.0
  constrains:
  - xz 5.8.3.*
  license: 0BSD
  run_exports:
    weak:
    - liblzma >=5.8.3,<6.0a0
  size: 91720
  timestamp: 1786348695846
- conda: https://conda.anaconda.org/conda-forge/osx-arm64/libnghttp2-1.68.1-h8f3e76b_0.conda
  sha256: 2bc7bc3978066f2c274ebcbf711850cc9ab92e023e433b9631958a098d11e10a
  md5: 6ea18834adbc3b33df9bd9fb45eaf95b
  depends:
  - __osx >=11.0
  - c-ares >=1.34.6,<2.0a0
  - libcxx >=19
  - libev >=4.33,<4.34.0a0
  - libev >=4.33,<5.0a0
  - libzlib >=1.3.1,<2.0a0
  - openssl >=3.5.5,<4.0a0
  license: MIT
  license_family: MIT
  run_exports:
    weak:
    - libnghttp2 >=1.68.1,<2.0a0
  size: 576526
  timestamp: 1773854624224
- conda: https://conda.anaconda.org/conda-forge/osx-arm64/libopenblas-0.3.34-openmp_he657e61_0.conda
  sha256: bcf1967f12f1b1cc769dcc77b255fb1b27aaceb2f185450e9596d137bc6ede76
  md5: 89d28fb841cf16211318524fa985e384
  depends:
  - __osx >=11.0
  - libgfortran
  - libgfortran5 >=14.3.0
  - llvm-openmp >=19.1.7
  constrains:
  - openblas >=0.3.34,<0.3.35.0a0
  license: BSD-3-Clause
  license_family: BSD
  run_exports:
    weak:
    - libopenblas >=0.3.34,<1.0a0
  size: 4318474
  timestamp: 1784288246205
- conda: https://conda.anaconda.org/conda-forge/osx-arm64/libpsl-0.23.1-h7a62e17_0.conda
  sha256: 0140cb0d059ac531e476b85a543668b69b7dffec16f0d26269ab6c9b70546921
  md5: 75a4cdf128d016141db61732ea462276
  depends:
  - __osx >=11.0
  - libcxx >=19
  - icu >=78.3,<79.0a0
  license: MIT
  license_family: MIT
  run_exports:
    weak:
    - libpsl >=0.23.1,<0.24.0a0
  size: 72950
  timestamp: 1786443660105
- conda: https://conda.anaconda.org/conda-forge/osx-arm64/libsqlite-3.53.4-h1ae2325_0.conda
  sha256: 745662565e103f290e9dc4263bbd88285082f8cf699854fe2d5f1e35a4a0d326
  md5: 0e3477c0c3e718dcf2eb74ccc8f68570
  depends:
  - __osx >=11.0
  - icu >=78.3,<79.0a0
  - libzlib >=1.3.2,<2.0a0
  license: blessing
  run_exports:
    weak:
    - libsqlite >=3.53.4,<4.0a0
  size: 929203
  timestamp: 1785016131414
- conda: https://conda.anaconda.org/conda-forge/osx-arm64/libssh2-1.11.1-hbf2880b_1.conda
  sha256: a056e518c3d2d09fbb1778cea80c0c95338fb24adf1a817bbf90fb484850a304
  md5: d957a8eda98c49b073e8dcfd677c127a
  depends:
  - libzlib >=1.3.2,<2.0a0
  - openssl >=3.5.7,<4.0a0
  license: BSD-3-Clause
  license_family: BSD
  run_exports:
    weak:
    - libssh2 >=1.11.1,<2.0a0
  size: 280492
  timestamp: 1786714226814
- conda: https://conda.anaconda.org/conda-forge/osx-arm64/libuv-1.52.1-h1a92334_1.conda
  sha256: 4f47de9de1990efd998edbbd6793f89c8f02ffde987ae8120b1c006acefd2a04
  md5: de09bd0f175611e94f21b28f8c708e80
  depends:
  - __osx >=11.0
  license: MIT
  license_family: MIT
  run_exports:
    weak:
    - libuv >=1.52.1,<2.0a0
  size: 122729
  timestamp: 1785914645797
- conda: https://conda.anaconda.org/conda-forge/osx-arm64/libzlib-1.3.2-h8088a28_3.conda
  sha256: a18fa5d5bac452401459f966cf0d872224e8080c4ff93c77e168d43ab42ef9d7
  md5: f39288f0ea63ae962e1a2e4f355a0d75
  depends:
  - __osx >=11.0
  constrains:
  - zlib 1.3.2 *_3
  license: Zlib
  license_family: Other
  run_exports:
    weak:
    - libzlib >=1.3.2,<2.0a0
  size: 47822
  timestamp: 1785277049190
- conda: https://conda.anaconda.org/conda-forge/osx-arm64/llama-cpp-python-0.3.34-py311h8948835_1.conda
  sha256: b7ae8d57baa18d0572a2f5e88c5dc5ed8c03dce7f57648e973bc65f39413e33e
  md5: 44a72852ada5df2c0c2d9013fc9c8356
  depends:
  - python
  - typing-extensions >=4.5.0
  - numpy >=1.20.0
  - diskcache >=5.6.1
  - pyyaml >=5.1
  - llama.cpp ==9923
  - uvicorn >=0.22.0
  - fastapi >=0.100.0
  - pydantic-settings >=2.0.1
  - sse-starlette >=1.6.1
  - starlette-context >=0.3.6,<0.4
  - libcxx >=19
  - __osx >=11.0
  - python 3.11.* *_cpython
  - python_abi 3.11.* *_cp311
  license: MIT
  license_family: MIT
  run_exports: {}
  size: 326652
  timestamp: 1784531530511
- conda: https://conda.anaconda.org/conda-forge/osx-arm64/llama.cpp-9923-cpu_accelerate_hc75c975_0.conda
  sha256: 0fa593a36d08feefb5720b31a90ae2074e7ebae2cf0cde6a0a7081d3d2dcfe17
  md5: 3f88b5650e516f0e6122904c7ad43859
  depends:
  - libcxx >=19
  - __osx >=11.0
  - llvm-openmp >=19.1.7
  - libcurl >=8.21.0,<9.0a0
  constrains:
  - whisper.cpp <0.0.0a0
  license: MIT
  license_family: MIT
  run_exports: {}
  size: 8481103
  timestamp: 1783545431526
- conda: https://conda.anaconda.org/conda-forge/osx-arm64/llvm-openmp-22.1.8-hc7d1edf_0.conda
  sha256: ccbaad6bbc88f135ab849bc36af5fa6eda36a9ed18ce6f58e3dde3d11784c156
  md5: a9c118f6343fb6301b6f3b4e94c4c562
  depends:
  - __osx >=11.0
  constrains:
  - intel-openmp <0.0a0
  - openmp 22.1.8|22.1.8.*
  license: Apache-2.0 WITH LLVM-exception
  license_family: APACHE
  run_exports:
    strong:
    - llvm-openmp >=22.1.8
  size: 286313
  timestamp: 1781736516782
- conda: https://conda.anaconda.org/conda-forge/osx-arm64/markupsafe-3.0.3-py311hc290fe0_1.conda
  sha256: d635f2b1d9e19e8e68c5d33150f7e4f62df08ef2ef0e85977f743e81939afc01
  md5: ff068874356bbc7f9bd2d793f809f44b
  depends:
  - __osx >=11.0
  - python >=3.11,<3.12.0a0
  - python >=3.11,<3.12.0a0 *_cpython
  - python_abi 3.11.* *_cp311
  constrains:
  - jinja2 >=3.0.0
  license: BSD-3-Clause
  license_family: BSD
  run_exports: {}
  size: 26511
  timestamp: 1772445369187
- conda: https://conda.anaconda.org/conda-forge/osx-arm64/ncurses-6.6-he64c551_1.conda
  sha256: 7024a48c8c0d0114ed4ab53c76bf9275d50e91ba7cea367a9aead638d3c29c68
  md5: 3dfa0d0316dc246cd44937a557de4501
  depends:
  - __osx >=11.0
  license: X11 AND BSD-3-Clause
  run_exports:
    weak:
    - ncurses >=6.6,<7.0a0
  size: 804298
  timestamp: 1786355189145
- conda: https://conda.anaconda.org/conda-forge/osx-arm64/numpy-2.4.6-py311hbd1492f_0.conda
  sha256: 08e5062ab9bce23adef1c62282a99d035780e43eb8a843b0f11d8a1e967fe123
  md5: 7738446d4be7ac8b56e6d6e3bdb7e52b
  depends:
  - python
  - libcxx >=19
  - __osx >=11.0
  - python_abi 3.11.* *_cp311
  - libblas >=3.9.0,<4.0a0
  - libcblas >=3.9.0,<4.0a0
  - liblapack >=3.9.0,<4.0a0
  constrains:
  - numpy-base <0a0
  license: BSD-3-Clause
  license_family: BSD
  run_exports:
    weak:
    - numpy >=1.23,<3
  size: 7456206
  timestamp: 1779169211856
- conda: https://conda.anaconda.org/conda-forge/osx-arm64/openssl-3.6.3-hd24854e_1.conda
  sha256: 66be2283b5b37dcda1332b5e74c1782a8cb14fd2e62e0d38017c2d35bf73c119
  md5: 65d1906712b85d1679263c518d011b5b
  depends:
  - __osx >=11.0
  - ca-certificates
  license: Apache-2.0
  license_family: Apache
  run_exports:
    weak:
    - openssl >=3.6.3,<4.0a0
  size: 3109132
  timestamp: 1785913735357
- conda: https://conda.anaconda.org/conda-forge/osx-arm64/pydantic-core-2.46.4-py311hf7c400d_0.conda
  sha256: 194e8872dcda301703c8f1427e480fee6421e3901803ffc863b68eb886372eaf
  md5: 80d6864b30e0697b652a9bd580b2d351
  depends:
  - python
  - typing-extensions >=4.6.0,!=4.7.0
  - __osx >=11.0
  - python 3.11.* *_cpython
  - python_abi 3.11.* *_cp311
  constrains:
  - __osx >=11.0
  license: MIT
  license_family: MIT
  run_exports: {}
  size: 1730463
  timestamp: 1778084304998
- conda: https://conda.anaconda.org/conda-forge/osx-arm64/python-3.11.15-hd1323d7_2_cpython.conda
  build_number: 2
  sha256: ab92368087da7b835f18d5fe59f0f802e25916ac81c939f46b3d6ecc82ee05ca
  md5: 1c6a71c121ce3161d78b9702948a674c
  depends:
  - __osx >=11.0
  - bzip2 >=1.0.8,<2.0a0
  - libexpat >=2.8.1,<3.0a0
  - libffi >=3.7.0,<3.8.0a0
  - liblzma >=5.8.3,<6.0a0
  - libsqlite >=3.53.4,<4.0a0
  - libzlib >=1.3.2,<2.0a0
  - ncurses >=6.6,<7.0a0
  - openssl >=3.5.7,<4.0a0
  - readline >=8.3,<9.0a0
  - tk >=8.6.13,<8.7.0a0
  - tzdata
  constrains:
  - python_abi 3.11.* *_cp311
  license: Python-2.0
  run_exports:
    weak:
    - python_abi 3.11.* *_cp311
    noarch:
    - python
  size: 15397307
  timestamp: 1786444506631
- conda: https://conda.anaconda.org/conda-forge/osx-arm64/pyyaml-6.0.3-py311hc290fe0_1.conda
  sha256: 984e73d7957460689e10533059de8adb38a308853d298900a37acc58edd84cec
  md5: e4b908da7cd496b3fa6798c0f60a2a19
  depends:
  - __osx >=11.0
  - python >=3.11,<3.12.0a0
  - python >=3.11,<3.12.0a0 *_cpython
  - python_abi 3.11.* *_cp311
  - yaml >=0.2.5,<0.3.0a0
  license: MIT
  license_family: MIT
  run_exports: {}
  size: 192948
  timestamp: 1770223655988
- conda: https://conda.anaconda.org/conda-forge/osx-arm64/readline-8.3-h46df422_0.conda
  sha256: a77010528efb4b548ac2a4484eaf7e1c3907f2aec86123ed9c5212ae44502477
  md5: f8381319127120ce51e081dce4865cf4
  depends:
  - __osx >=11.0
  - ncurses >=6.5,<7.0a0
  license: GPL-3.0-only
  license_family: GPL
  run_exports:
    weak:
    - readline >=8.3,<9.0a0
  size: 313930
  timestamp: 1765813902568
- conda: https://conda.anaconda.org/conda-forge/osx-arm64/tk-8.6.13-hd3d0363_3.conda
  sha256: 47186bc7ab8d7e8bee86bbd1a917196f8c21cf63f081fc33cd6d1221af087580
  md5: 8e3cf0e455e6b54519f0b1c72c61780a
  depends:
  - __osx >=11.0
  - libzlib >=1.3.2,<2.0a0
  license: TCL
  run_exports:
    weak:
    - tk >=8.6.13,<8.7.0a0
  size: 3338712
  timestamp: 1784229090530
- conda: https://conda.anaconda.org/conda-forge/osx-arm64/uvloop-0.22.1-py311h9408147_1.conda
  sha256: a1d2191d481cfa7f7af5acd0442b4ace4e4076fe76628dfeceff311be465aaa5
  md5: 1f7acf64efadeaa78937383da045c65d
  depends:
  - __osx >=11.0
  - libuv >=1.51.0,<2.0a0
  - python >=3.11,<3.12.0a0
  - python >=3.11,<3.12.0a0 *_cpython
  - python_abi 3.11.* *_cp311
  license: MIT OR Apache-2.0
  run_exports: {}
  size: 478759
  timestamp: 1762473061623
- conda: https://conda.anaconda.org/conda-forge/osx-arm64/watchfiles-1.2.0-py311haff49d3_1.conda
  sha256: 70de88187a1bdfbe8f5962d3846ebfb97c6a242af4da11d22992bf818a99378f
  md5: 52da7a1f177de5242901c5446cd4fb21
  depends:
  - python
  - anyio >=3.0.0
  - __osx >=11.0
  - python_abi 3.11.* *_cp311
  constrains:
  - __osx >=11.0
  license: MIT
  license_family: MIT
  run_exports: {}
  size: 350525
  timestamp: 1781180364897
- conda: https://conda.anaconda.org/conda-forge/osx-arm64/websockets-17.0.1-py311h5277e72_0.conda
  sha256: edd0b872719f2a22b008ba0cfbd5541d7eab5624a01170dbaef542d821f664ee
  md5: 5bd79970d86149e209ab5cff375a051e
  depends:
  - python
  - __osx >=11.0
  - python_abi 3.11.* *_cp311
  license: BSD-3-Clause
  license_family: BSD
  run_exports: {}
  size: 400390
  timestamp: 1785597290250
- conda: https://conda.anaconda.org/conda-forge/osx-arm64/yaml-0.2.5-h925e9cb_3.conda
  sha256: b03433b13d89f5567e828ea9f1a7d5c5d697bf374c28a4168d71e9464f5dafac
  md5: 78a0fe9e9c50d2c381e8ee47e3ea437d
  depends:
  - __osx >=11.0
  license: MIT
  license_family: MIT
  run_exports:
    weak:
    - yaml >=0.2.5,<0.3.0a0
  size: 83386
  timestamp: 1753484079473
- conda: https://conda.anaconda.org/conda-forge/osx-arm64/zstd-1.5.7-hf451053_7.conda
  sha256: da867f5092eb0cb746d353694f0098031fd9817a4ce7d5743121209ae0f406ca
  md5: 4ec2684c73812cc2c3d78379384a39cc
  depends:
  - __osx >=11.0
  - libzlib >=1.3.2,<2.0a0
  license: BSD-3-Clause
  license_family: BSD
  run_exports:
    weak:
    - zstd >=1.5.7,<1.6.0a0
  size: 433687
  timestamp: 1786599629846
