version: 7
platforms:
- name: win-64
  virtual-packages:
  - __win=10.0
  - __archspec=0=x86_64
environments:
  default:
    channels:
    - url: https://conda.anaconda.org/conda-forge/
    packages:
      win-64:
      - conda: https://conda.anaconda.org/conda-forge/noarch/ca-certificates-2026.7.22-h4c7d964_0.conda
      - conda: https://conda.anaconda.org/conda-forge/noarch/font-ttf-dejavu-sans-mono-2.37-hab24e00_0.tar.bz2
      - conda: https://conda.anaconda.org/conda-forge/noarch/font-ttf-inconsolata-3.000-h77eed37_0.tar.bz2
      - conda: https://conda.anaconda.org/conda-forge/noarch/font-ttf-source-code-pro-2.038-h77eed37_0.tar.bz2
      - conda: https://conda.anaconda.org/conda-forge/noarch/font-ttf-ubuntu-0.83-h77eed37_3.conda
      - conda: https://conda.anaconda.org/conda-forge/noarch/fonts-conda-ecosystem-1-0.tar.bz2
      - conda: https://conda.anaconda.org/conda-forge/noarch/fonts-conda-forge-1-hc364b38_1.conda
      - conda: https://conda.anaconda.org/conda-forge/noarch/packaging-26.3-pyhc364b38_0.conda
      - conda: https://conda.anaconda.org/conda-forge/noarch/python_abi-3.14-9_cp314.conda
      - conda: https://conda.anaconda.org/conda-forge/noarch/tzdata-2026c-h151e31d_0.conda
      - conda: https://conda.anaconda.org/conda-forge/win-64/aom-3.14.1-pl5321h06fc181_2.conda
      - conda: https://conda.anaconda.org/conda-forge/win-64/bzip2-1.0.8-h0ad9c76_10.conda
      - conda: https://conda.anaconda.org/conda-forge/win-64/cairo-1.18.4-h477c42c_3.conda
      - conda: https://conda.anaconda.org/conda-forge/win-64/dav1d-1.2.1-hcfcfb64_0.conda
      - conda: https://conda.anaconda.org/conda-forge/win-64/ffmpeg-9.0.1-gpl_h37bb7f8_901.conda
      - conda: https://conda.anaconda.org/conda-forge/win-64/fontconfig-2.18.3-hd47e2ca_1.conda
      - conda: https://conda.anaconda.org/conda-forge/win-64/freetype-2.14.3-h57928b3_2.conda
      - conda: https://conda.anaconda.org/conda-forge/win-64/fribidi-1.0.16-hfd05255_1.conda
      - conda: https://conda.anaconda.org/conda-forge/win-64/gdk-pixbuf-2.44.8-h1f5b9c4_1.conda
      - conda: https://conda.anaconda.org/conda-forge/win-64/glib-2.88.3-h2e94c43_2.conda
      - conda: https://conda.anaconda.org/conda-forge/win-64/glib-tools-2.88.3-hc97a88e_2.conda
      - conda: https://conda.anaconda.org/conda-forge/win-64/graphite2-1.3.15-h5112557_1.conda
      - conda: https://conda.anaconda.org/conda-forge/win-64/harfbuzz-14.4.0-h57928b3_0.conda
      - conda: https://conda.anaconda.org/conda-forge/win-64/icu-78.3-h5112557_2.conda
      - conda: https://conda.anaconda.org/conda-forge/win-64/lame-4.0-h0c5f640_1.conda
      - conda: https://conda.anaconda.org/conda-forge/win-64/lerc-4.2.0-hd936e49_0.conda
      - conda: https://conda.anaconda.org/conda-forge/win-64/libbrotlicommon-1.2.0-hf02afa3_3.conda
      - conda: https://conda.anaconda.org/conda-forge/win-64/libbrotlidec-1.2.0-h84f9c24_3.conda
      - conda: https://conda.anaconda.org/conda-forge/win-64/libbrotlienc-1.2.0-he2a975b_3.conda
      - conda: https://conda.anaconda.org/conda-forge/win-64/libdeflate-1.25-h1a1d4e4_1.conda
      - conda: https://conda.anaconda.org/conda-forge/win-64/libexpat-2.8.1-hac47afa_1.conda
      - conda: https://conda.anaconda.org/conda-forge/win-64/libffi-3.7.0-h3d046cb_1.conda
      - conda: https://conda.anaconda.org/conda-forge/win-64/libfreetype-2.14.3-h57928b3_2.conda
      - conda: https://conda.anaconda.org/conda-forge/win-64/libfreetype6-2.14.3-hdbac1cb_2.conda
      - conda: https://conda.anaconda.org/conda-forge/win-64/libglib-2.88.3-he810d59_2.conda
      - conda: https://conda.anaconda.org/conda-forge/win-64/libharfbuzz-14.4.0-h03b5201_0.conda
      - conda: https://conda.anaconda.org/conda-forge/win-64/libharfbuzz-devel-14.4.0-h03b5201_0.conda
      - conda: https://conda.anaconda.org/conda-forge/win-64/libhwy-1.4.0-h2419aca_1.conda
      - conda: https://conda.anaconda.org/conda-forge/win-64/libiconv-1.18-hc1393d2_3.conda
      - conda: https://conda.anaconda.org/conda-forge/win-64/libintl-0.22.5-h5728263_4.conda
      - conda: https://conda.anaconda.org/conda-forge/win-64/libintl-devel-0.22.5-h5728263_4.conda
      - conda: https://conda.anaconda.org/conda-forge/win-64/libjpeg-turbo-3.2.0-hfd05255_1.conda
      - conda: https://conda.anaconda.org/conda-forge/win-64/libjxl-0.12.0-h932607e_2.conda
      - conda: https://conda.anaconda.org/conda-forge/win-64/liblzma-5.8.3-hfd05255_1.conda
      - conda: https://conda.anaconda.org/conda-forge/win-64/libmpdec-4.0.0-hfd05255_2.conda
      - conda: https://conda.anaconda.org/conda-forge/win-64/libogg-1.3.5-h2466b09_1.conda
      - conda: https://conda.anaconda.org/conda-forge/win-64/libopus-1.6.1-h6a83c73_1.conda
      - conda: https://conda.anaconda.org/conda-forge/win-64/libpng-1.6.58-hdc8cecf_1.conda
      - conda: https://conda.anaconda.org/conda-forge/win-64/libpython-3.14.7-h4f90d01_104_cp314.conda
      - conda: https://conda.anaconda.org/conda-forge/win-64/librsvg-2.62.3-h15cfe45_0.conda
      - conda: https://conda.anaconda.org/conda-forge/win-64/libsqlite-3.53.4-hf5d6505_1.conda
      - conda: https://conda.anaconda.org/conda-forge/win-64/libtiff-4.7.2-h8f73337_1.conda
      - conda: https://conda.anaconda.org/conda-forge/win-64/libusb-1.0.29-h1839187_0.conda
      - conda: https://conda.anaconda.org/conda-forge/win-64/libvorbis-1.3.7-h5112557_2.conda
      - conda: https://conda.anaconda.org/conda-forge/win-64/libvulkan-loader-1.4.357.0-h477610d_2.conda
      - conda: https://conda.anaconda.org/conda-forge/win-64/libwebp-base-1.6.0-h4d5522a_1.conda
      - conda: https://conda.anaconda.org/conda-forge/win-64/libxml2-16-2.15.3-h3cfd58e_1.conda
      - conda: https://conda.anaconda.org/conda-forge/win-64/libxml2-2.15.3-h8ef44ab_1.conda
      - conda: https://conda.anaconda.org/conda-forge/win-64/libzlib-1.3.2-hfd05255_3.conda
      - conda: https://conda.anaconda.org/conda-forge/win-64/mpg123-1.33.7-ha58212f_1.conda
      - conda: https://conda.anaconda.org/conda-forge/win-64/openh264-2.6.0-h1eab103_2.conda
      - conda: https://conda.anaconda.org/conda-forge/win-64/openssl-3.6.4-hf411b9b_0.conda
      - conda: https://conda.anaconda.org/conda-forge/win-64/pango-1.58.2-h13911b6_0.conda
      - conda: https://conda.anaconda.org/conda-forge/win-64/pcre2-10.47-h8466c1e_1.conda
      - conda: https://conda.anaconda.org/conda-forge/win-64/pixman-0.46.4-h5112557_3.conda
      - conda: https://conda.anaconda.org/conda-forge/win-64/python-3.14.7-h53f6dd8_104_cp314.conda
      - conda: https://conda.anaconda.org/conda-forge/win-64/sdl2-2.32.56-h5112557_0.conda
      - conda: https://conda.anaconda.org/conda-forge/win-64/sdl3-3.4.14-h5112557_0.conda
      - conda: https://conda.anaconda.org/conda-forge/win-64/svt-av1-4.2.0-hac47afa_1.conda
      - conda: https://conda.anaconda.org/conda-forge/win-64/tk-8.6.13-h967ab96_4.conda
      - conda: https://conda.anaconda.org/conda-forge/win-64/ucrt-10.0.26100.0-h57928b3_0.conda
      - conda: https://conda.anaconda.org/conda-forge/win-64/vc-14.5-ha367084_41.conda
      - conda: https://conda.anaconda.org/conda-forge/win-64/vc14_runtime-14.51.36247-habf1de7_41.conda
      - conda: https://conda.anaconda.org/conda-forge/win-64/vcomp14-14.51.36247-habf1de7_41.conda
      - conda: https://conda.anaconda.org/conda-forge/win-64/vs2015_runtime-14.51.36247-h633cb9f_41.conda
      - conda: https://conda.anaconda.org/conda-forge/win-64/x264-1!164.3095-h8ffe710_2.tar.bz2
      - conda: https://conda.anaconda.org/conda-forge/win-64/x265-3.5-h2d74725_3.tar.bz2
      - conda: https://conda.anaconda.org/conda-forge/win-64/zlib-1.3.2-hfd05255_3.conda
      - conda: https://conda.anaconda.org/conda-forge/win-64/zstd-1.5.7-h534d264_7.conda
packages:
- conda: https://conda.anaconda.org/conda-forge/noarch/ca-certificates-2026.7.22-h4c7d964_0.conda
  sha256: 95e8e74062a5fe5f870ac8c90302b6e89945165fdaed7810606e84ddee6aac12
  md5: e27d2ac27b096dc51fedfcf775a53f9b
  depends:
  - __win
  license: ISC
  run_exports: {}
  size: 132136
  timestamp: 1784754918886
- conda: https://conda.anaconda.org/conda-forge/noarch/font-ttf-dejavu-sans-mono-2.37-hab24e00_0.tar.bz2
  sha256: 58d7f40d2940dd0a8aa28651239adbf5613254df0f75789919c4e6762054403b
  md5: 0c96522c6bdaed4b1566d11387caaf45
  license: BSD-3-Clause
  license_family: BSD
  run_exports: {}
  size: 397370
  timestamp: 1566932522327
- conda: https://conda.anaconda.org/conda-forge/noarch/font-ttf-inconsolata-3.000-h77eed37_0.tar.bz2
  sha256: c52a29fdac682c20d252facc50f01e7c2e7ceac52aa9817aaf0bb83f7559ec5c
  md5: 34893075a5c9e55cdafac56607368fc6
  license: OFL-1.1
  license_family: Other
  run_exports: {}
  size: 96530
  timestamp: 1620479909603
- conda: https://conda.anaconda.org/conda-forge/noarch/font-ttf-source-code-pro-2.038-h77eed37_0.tar.bz2
  sha256: 00925c8c055a2275614b4d983e1df637245e19058d79fc7dd1a93b8d9fb4b139
  md5: 4d59c254e01d9cde7957100457e2d5fb
  license: OFL-1.1
  license_family: Other
  run_exports: {}
  size: 700814
  timestamp: 1620479612257
- conda: https://conda.anaconda.org/conda-forge/noarch/font-ttf-ubuntu-0.83-h77eed37_3.conda
  sha256: 2821ec1dc454bd8b9a31d0ed22a7ce22422c0aef163c59f49dfdf915d0f0ca14
  md5: 49023d73832ef61042f6a237cb2687e7
  license: LicenseRef-Ubuntu-Font-Licence-Version-1.0
  license_family: Other
  run_exports: {}
  size: 1620504
  timestamp: 1727511233259
- conda: https://conda.anaconda.org/conda-forge/noarch/fonts-conda-ecosystem-1-0.tar.bz2
  sha256: a997f2f1921bb9c9d76e6fa2f6b408b7fa549edd349a77639c9fe7a23ea93e61
  md5: fee5683a3f04bd15cbd8318b096a27ab
  depends:
  - fonts-conda-forge
  license: BSD-3-Clause
  license_family: BSD
  run_exports: {}
  size: 3667
  timestamp: 1566974674465
- conda: https://conda.anaconda.org/conda-forge/noarch/fonts-conda-forge-1-hc364b38_1.conda
  sha256: 54eea8469786bc2291cc40bca5f46438d3e062a399e8f53f013b6a9f50e98333
  md5: a7970cd949a077b7cb9696379d338681
  depends:
  - font-ttf-ubuntu
  - font-ttf-inconsolata
  - font-ttf-dejavu-sans-mono
  - font-ttf-source-code-pro
  license: BSD-3-Clause
  license_family: BSD
  run_exports: {}
  size: 4059
  timestamp: 1762351264405
- conda: https://conda.anaconda.org/conda-forge/noarch/packaging-26.3-pyhc364b38_0.conda
  sha256: c432626b16768b8dab228bfb706f7060c2d462a21c516d240f68f2f902b5a044
  md5: 936687ed80f295a1f5dbcf8bd34c252c
  depends:
  - python >=3.9
  - python
  license: Apache-2.0
  license_family: APACHE
  run_exports: {}
  size: 116363
  timestamp: 1785888127370
- conda: https://conda.anaconda.org/conda-forge/noarch/python_abi-3.14-9_cp314.conda
  build_number: 9
  sha256: e7f8e965bbfb98e08feb2365cacdad8bb218fa5b5a0a2752f747287f425f213c
  md5: 350d89b50d7de805abf2e63e29dee451
  constrains:
  - python 3.14.* *_cp314
  license: BSD-3-Clause
  license_family: BSD
  run_exports: {}
  size: 6791
  timestamp: 1788302824440
- conda: https://conda.anaconda.org/conda-forge/noarch/tzdata-2026c-h151e31d_0.conda
  sha256: b928c30ddcb0e3f544c6eade8352737e6e610e263276b90232db6a578ef899d8
  md5: fcb489df604d100968b737f2cb6076c6
  license: LicenseRef-Public-Domain
  run_exports: {}
  size: 118849
  timestamp: 1784250406640
- conda: https://conda.anaconda.org/conda-forge/win-64/aom-3.14.1-pl5321h06fc181_2.conda
  sha256: f8c8f820dcac04954bd7d6c116f4278cf96143f291d15417c7b35b015c0c6423
  md5: 7cdc091e676d2d1854b26a751f013c62
  depends:
  - vc >=14.3,<15
  - vc14_runtime >=14.44.35208
  - ucrt >=10.0.20348.0
  license: BSD-2-Clause
  license_family: BSD
  run_exports:
    weak:
    - aom >=3.14.1,<3.15.0a0
  size: 2214800
  timestamp: 1787256009307
- conda: https://conda.anaconda.org/conda-forge/win-64/bzip2-1.0.8-h0ad9c76_10.conda
  sha256: 04767466ee9227c9c57ab2c6503e0149177d34111c7418d2f420297acb1eb229
  md5: c3301c058362f340100d91cd8be0393f
  depends:
  - ucrt >=10.0.20348.0
  - vc >=14.3,<15
  - vc14_runtime >=14.44.35208
  license: bzip2-1.0.6
  license_family: BSD
  run_exports:
    weak:
    - bzip2 >=1.0.8,<2.0a0
  size: 55919
  timestamp: 1785906343696
- conda: https://conda.anaconda.org/conda-forge/win-64/cairo-1.18.4-h477c42c_3.conda
  sha256: 167be08bde10daeefc505673966c470e8e236195c4edc2000a8d2441bc72a28b
  md5: 37e4ca2dd35c4171f0587d985976b30e
  depends:
  - fontconfig >=2.18.3,<3.0a0
  - fonts-conda-ecosystem
  - icu >=78.3,<79.0a0
  - libexpat >=2.8.1,<3.0a0
  - libfreetype >=2.14.3
  - libfreetype6 >=2.14.3
  - libglib >=2.88.3,<3.0a0
  - libpng >=1.6.58,<1.7.0a0
  - libzlib >=1.3.2,<2.0a0
  - pixman >=0.46.4,<1.0a0
  - ucrt >=10.0.20348.0
  - vc >=14.3,<15
  - vc14_runtime >=14.44.35208
  license: LGPL-2.1-only or MPL-1.1
  run_exports:
    weak:
    - cairo >=1.18.4,<2.0a0
  size: 1535591
  timestamp: 1788221425576
- conda: https://conda.anaconda.org/conda-forge/win-64/dav1d-1.2.1-hcfcfb64_0.conda
  sha256: 2aa2083c9c186da7d6f975ccfbef654ed54fff27f4bc321dbcd12cee932ec2c4
  md5: ed2c27bda330e3f0ab41577cf8b9b585
  depends:
  - ucrt >=10.0.20348.0
  - vc >=14.2,<15
  - vc14_runtime >=14.29.30139
  license: BSD-2-Clause
  license_family: BSD
  run_exports:
    weak:
    - dav1d >=1.2.1,<1.2.2.0a0
  size: 618643
  timestamp: 1685696352968
- conda: https://conda.anaconda.org/conda-forge/win-64/ffmpeg-9.0.1-gpl_h37bb7f8_901.conda
  sha256: ea4d01671e2695d2136478de83d1f348432be5761a65243577da0bff97c1064e
  md5: a534f232ba4fdda2a24dc851108cb5d5
  depends:
  - aom >=3.14.1,<3.15.0a0
  - bzip2 >=1.0.8,<2.0a0
  - dav1d >=1.2.1,<1.2.2.0a0
  - fontconfig >=2.18.3,<3.0a0
  - fonts-conda-ecosystem
  - lame >=4.0,<4.1.0a0
  - libexpat >=2.8.1,<3.0a0
  - libfreetype >=2.14.3
  - libfreetype6 >=2.14.3
  - libharfbuzz >=14.4.0
  - libiconv >=1.18,<2.0a0
  - libjxl >=0.12.0,<0.13.0a0
  - liblzma >=5.8.3,<6.0a0
  - libopus >=1.6.1,<2.0a0
  - librsvg >=2.62.3,<3.0a0
  - libvorbis >=1.3.7,<1.4.0a0
  - libvulkan-loader >=1.4.357.0,<2.0a0
  - libwebp-base >=1.6.0,<2.0a0
  - libxml2
  - libxml2-16 >=2.15.3
  - libzlib >=1.3.2,<2.0a0
  - openh264 >=2.6.0,<2.6.1.0a0
  - openssl >=3.5.8,<4.0a0
  - sdl2 >=2.32.56,<3.0a0
  - svt-av1 >=4.2.0,<4.2.1.0a0
  - ucrt >=10.0.20348.0
  - vc >=14.3,<15
  - vc14_runtime >=14.44.35208
  - x264 >=1!164.3095,<1!165
  - x265 >=3.5,<3.6.0a0
  constrains:
  - __cuda  >=12.8
  license: GPL-2.0-or-later
  license_family: GPL
  run_exports:
    weak:
    - ffmpeg >=9.0.1,<10.0a0
  size: 11475839
  timestamp: 1788011446668
- conda: https://conda.anaconda.org/conda-forge/win-64/fontconfig-2.18.3-hd47e2ca_1.conda
  sha256: f26139e3c774a6434c8a73381c08e3d2a4c2f9d9ef9587c66aab8836211ee2ec
  md5: ed95670fed91b091fe34ba6cae6677d7
  depends:
  - libexpat >=2.8.1,<3.0a0
  - libfreetype >=2.14.3
  - libfreetype6 >=2.14.3
  - libiconv >=1.18,<2.0a0
  - libintl >=0.22.5,<1.0a0
  - libzlib >=1.3.2,<2.0a0
  - ucrt >=10.0.20348.0
  - vc >=14.3,<15
  - vc14_runtime >=14.44.35208
  license: MIT
  license_family: MIT
  run_exports:
    weak:
    - fontconfig >=2.18.3,<3.0a0
    - fonts-conda-ecosystem
  size: 217988
  timestamp: 1786667461139
- conda: https://conda.anaconda.org/conda-forge/win-64/freetype-2.14.3-h57928b3_2.conda
  sha256: 32f7dd8ffe62fd485e9e6570e871f5be45af74c84fde62241a2417046a373efd
  md5: 6fc6c09c05a099d58efd9b2e96598e41
  depends:
  - libfreetype 2.14.3 h57928b3_2
  - libfreetype6 2.14.3 hdbac1cb_2
  - zlib
  license: GPL-2.0-only OR FTL
  run_exports:
    weak:
    - libfreetype >=2.14.3
    - libfreetype6 >=2.14.3
  size: 186945
  timestamp: 1786641050416
- conda: https://conda.anaconda.org/conda-forge/win-64/fribidi-1.0.16-hfd05255_1.conda
  sha256: 274b3e4ae5dff527062039d1dcb5cfdd9f91fa7d8eaf61358c09450b361385de
  md5: 66f5ce9d0d618332023619a899ceb26f
  depends:
  - ucrt >=10.0.20348.0
  - vc >=14.3,<15
  - vc14_runtime >=14.44.35208
  license: LGPL-2.1-or-later
  run_exports:
    weak:
    - fribidi >=1.0.16,<2.0a0
  size: 65318
  timestamp: 1785912637725
- conda: https://conda.anaconda.org/conda-forge/win-64/gdk-pixbuf-2.44.8-h1f5b9c4_1.conda
  sha256: fa2fe3c32769279c2d5ce62858d06bdc4cbb28e65bcbdb4dbbc28af9159493e4
  md5: b3601dea8dba6cc8d9797e12e9442009
  depends:
  - libglib >=2.88.3,<3.0a0
  - libintl >=0.22.5,<1.0a0
  - libjpeg-turbo >=3.2.0,<4.0a0
  - liblzma >=5.8.3,<6.0a0
  - libpng >=1.6.58,<1.7.0a0
  - libtiff >=4.7.2,<4.8.0a0
  - ucrt >=10.0.20348.0
  - vc >=14.3,<15
  - vc14_runtime >=14.44.35208
  license: LGPL-2.1-or-later
  license_family: LGPL
  run_exports:
    weak:
    - gdk-pixbuf >=2.44.8,<3.0a0
  size: 579533
  timestamp: 1788227291954
- conda: https://conda.anaconda.org/conda-forge/win-64/glib-2.88.3-h2e94c43_2.conda
  sha256: 01dd6d748a17a0359dff93d0c6161a443c41c32771723db18036004bf11a0fc3
  md5: a27b6b1c765da144bd94dcdb99e0eee2
  depends:
  - python *
  - packaging
  - libglib ==2.88.3 he810d59_2
  - glib-tools ==2.88.3 hc97a88e_2
  - libintl-devel
  - vc >=14.3,<15
  - vc14_runtime >=14.44.35208
  - ucrt >=10.0.20348.0
  - libintl >=0.22.5,<1.0a0
  license: LGPL-2.1-or-later
  run_exports:
    weak:
    - libglib >=2.88.3,<3.0a0
  size: 76084
  timestamp: 1787884093942
- conda: https://conda.anaconda.org/conda-forge/win-64/glib-tools-2.88.3-hc97a88e_2.conda
  sha256: ca72df5bbd693a169a1123e6d6c1581ab4c9edf3c65a6ff8cb0823d8e6757672
  md5: 08897c2882558f8846a6912220a4f127
  depends:
  - libglib ==2.88.3 he810d59_2
  - libffi
  - vc >=14.3,<15
  - vc14_runtime >=14.44.35208
  - ucrt >=10.0.20348.0
  - libintl >=0.22.5,<1.0a0
  license: LGPL-2.1-or-later
  run_exports: {}
  size: 251715
  timestamp: 1787884093942
- conda: https://conda.anaconda.org/conda-forge/win-64/graphite2-1.3.15-h5112557_1.conda
  sha256: 93a59bdf944fb6f947bd7ad2f293d5d80db3a90f8ff8dfabc591e3752141e46f
  md5: 79538e7a7bc024084eda5989f73fde35
  depends:
  - vc >=14.3,<15
  - vc14_runtime >=14.44.35208
  - ucrt >=10.0.20348.0
  license: LGPL-2.0-or-later
  license_family: LGPL
  run_exports:
    weak:
    - graphite2 >=1.3.15,<2.0a0
  size: 98064
  timestamp: 1786118492029
- conda: https://conda.anaconda.org/conda-forge/win-64/harfbuzz-14.4.0-h57928b3_0.conda
  sha256: 15ab78a4277521239816b0981ead7ec81de551708d3b97cb1bb1c36bf68f981c
  md5: 3a9f271f0ac3d40bc5bdb056cdbf5553
  depends:
  - libharfbuzz-devel 14.4.0 h03b5201_0
  license: MIT
  license_family: MIT
  run_exports:
    weak:
    - libharfbuzz >=14.4.0
  size: 11514
  timestamp: 1787795399981
- conda: https://conda.anaconda.org/conda-forge/win-64/icu-78.3-h5112557_2.conda
  sha256: 75c549b55b673e15de8785a8e5dd85bca7eb612eee0ff4dc8d7bdaa15eacbdbb
  md5: e596942e8ee6ee17fdcf1e6a77757a66
  depends:
  - vc >=14.3,<15
  - vc14_runtime >=14.44.35208
  - ucrt >=10.0.20348.0
  license: MIT
  license_family: MIT
  run_exports:
    weak:
    - icu >=78.3,<79.0a0
  size: 16835644
  timestamp: 1784916416303
- conda: https://conda.anaconda.org/conda-forge/win-64/lame-4.0-h0c5f640_1.conda
  sha256: c1df9067381c938f819639a3c1b151a28bd1880c044951b5e14785a89fd91cf5
  md5: f2520f0d4797754e640bc20bbcfdea6d
  depends:
  - mpg123 >=1.33.7,<1.34.0a0
  - ucrt >=10.0.20348.0
  - vc >=14.3,<15
  - vc14_runtime >=14.44.35208
  license: LGPL-2.0-only
  license_family: LGPL
  run_exports:
    weak:
    - lame >=4.0,<4.1.0a0
  size: 360500
  timestamp: 1786292530281
- conda: https://conda.anaconda.org/conda-forge/win-64/lerc-4.2.0-hd936e49_0.conda
  sha256: 93d666f63f284ef77b87b0b1f77b70f7d36d315a132f9afa64bc0012d937ba39
  md5: add59e2b60ac9d4299d17c938185c75a
  depends:
  - ucrt >=10.0.20348.0
  - vc >=14.3,<15
  - vc14_runtime >=14.44.35208
  license: Apache-2.0
  license_family: Apache
  run_exports:
    weak:
    - lerc >=4.2.0,<5.0a0
  size: 175297
  timestamp: 1785036247761
- conda: https://conda.anaconda.org/conda-forge/win-64/libbrotlicommon-1.2.0-hf02afa3_3.conda
  sha256: c739589318a1f8a88cd1b66d385176fd1ec2c4609e9f90d23d748be94b547e4e
  md5: 8ef4beb3cb18e1a876b9af9a757cc1a5
  depends:
  - ucrt >=10.0.20348.0
  - vc >=14.3,<15
  - vc14_runtime >=14.44.35208
  license: MIT
  license_family: MIT
  run_exports:
    weak:
    - libbrotlicommon >=1.2.0,<1.3.0a0
  size: 82655
  timestamp: 1786622832371
- conda: https://conda.anaconda.org/conda-forge/win-64/libbrotlidec-1.2.0-h84f9c24_3.conda
  sha256: f4bdb7ec97c3122e531fc867efae5ec928b649d047aa70d42893f0d8eb110fd9
  md5: 10c479888ee4e960587967b2d0c8143a
  depends:
  - libbrotlicommon 1.2.0 hf02afa3_3
  - ucrt >=10.0.20348.0
  - vc >=14.3,<15
  - vc14_runtime >=14.44.35208
  license: MIT
  license_family: MIT
  run_exports:
    weak:
    - libbrotlidec >=1.2.0,<1.3.0a0
  size: 34788
  timestamp: 1786622843818
- conda: https://conda.anaconda.org/conda-forge/win-64/libbrotlienc-1.2.0-he2a975b_3.conda
  sha256: c5e638ea9704c94b316238b425a3439ba38d4d8fba81682842e6d7d464472848
  md5: cb5d08dc81f52e87c27914b5636cd995
  depends:
  - libbrotlicommon 1.2.0 hf02afa3_3
  - ucrt >=10.0.20348.0
  - vc >=14.3,<15
  - vc14_runtime >=14.44.35208
  license: MIT
  license_family: MIT
  run_exports:
    weak:
    - libbrotlienc >=1.2.0,<1.3.0a0
  size: 253894
  timestamp: 1786622854214
- conda: https://conda.anaconda.org/conda-forge/win-64/libdeflate-1.25-h1a1d4e4_1.conda
  sha256: af1cda21d4653f594fbef20aa4e1ff158a546902b3307ef8af9a9b44b43862d2
  md5: e4e122e124676a49eebf241399ad8393
  depends:
  - ucrt >=10.0.20348.0
  - vc >=14.3,<15
  - vc14_runtime >=14.44.35208
  license: MIT
  license_family: MIT
  run_exports:
    weak:
    - libdeflate >=1.25,<1.26.0a0
  size: 157828
  timestamp: 1785908793271
- conda: https://conda.anaconda.org/conda-forge/win-64/libexpat-2.8.1-hac47afa_1.conda
  sha256: 1a54d874addda73b6f7164d5f3905821277a1831bcc05edd74b3085391688571
  md5: ccc490c81ffe14181861beac0e8f3169
  depends:
  - ucrt >=10.0.20348.0
  - vc >=14.3,<15
  - vc14_runtime >=14.44.35208
  constrains:
  - expat 2.8.1.*
  license: MIT
  license_family: MIT
  run_exports: {}
  size: 71631
  timestamp: 1781203724164
- conda: https://conda.anaconda.org/conda-forge/win-64/libffi-3.7.0-h3d046cb_1.conda
  sha256: 613e8077c5cca5df7fe84ade7d5050301bee3c6c4c450ffe61d34a349ab4f11c
  md5: ceb38b0ba900847d8da4289c3c8e5708
  depends:
  - ucrt >=10.0.20348.0
  - vc >=14.3,<15
  - vc14_runtime >=14.44.35208
  license: MIT
  license_family: MIT
  run_exports:
    weak:
    - libffi >=3.7.0,<3.8.0a0
  size: 49992
  timestamp: 1787753517346
- conda: https://conda.anaconda.org/conda-forge/win-64/libfreetype-2.14.3-h57928b3_2.conda
  sha256: d794d7fddb6eea50e18a62fa27ab3819f40d51bad00b90cf4ca591fb0d4006c2
  md5: 740f99c3c91079c03874b809fedace1b
  depends:
  - libfreetype6 >=2.14.3
  license: GPL-2.0-only OR FTL
  run_exports: {}
  size: 8742
  timestamp: 1786641045882
- conda: https://conda.anaconda.org/conda-forge/win-64/libfreetype6-2.14.3-hdbac1cb_2.conda
  sha256: cbc650854003e434d4ff6c7b1a2667e38a4242ad8a391a1c5ff89721624065ce
  md5: 8157483eb7ed3fcba71aad3b50a97131
  depends:
  - libpng >=1.6.58,<1.7.0a0
  - libzlib >=1.3.2,<2.0a0
  - ucrt >=10.0.20348.0
  - vc >=14.3,<15
  - vc14_runtime >=14.44.35208
  constrains:
  - freetype >=2.14.3
  license: GPL-2.0-only OR FTL
  run_exports: {}
  size: 340385
  timestamp: 1786641044865
- conda: https://conda.anaconda.org/conda-forge/win-64/libglib-2.88.3-he810d59_2.conda
  sha256: 001620bac27dbf6daa25e5cd52970749fe2bc02a26649b0ad516d26609f6bcae
  md5: e40bcfee79dbfda3eff751ed098b6ad3
  depends:
  - vc >=14.3,<15
  - vc14_runtime >=14.44.35208
  - ucrt >=10.0.20348.0
  - pcre2 >=10.47,<10.48.0a0
  - libiconv >=1.18,<2.0a0
  - libzlib >=1.3.2,<2.0a0
  - libffi >=3.7.0,<3.8.0a0
  - libintl >=0.22.5,<1.0a0
  constrains:
  - glib >2.66
  license: LGPL-2.1-or-later
  run_exports:
    weak:
    - libglib >=2.88.3,<3.0a0
  size: 4519014
  timestamp: 1787884093942
- conda: https://conda.anaconda.org/conda-forge/win-64/libharfbuzz-14.4.0-h03b5201_0.conda
  sha256: 08713208fd7e2e6f2ccde1fc09765f2585d5cc809d187865fd9190ddad271f3d
  md5: 4618efa4303fdda115da50b8090d73c6
  depends:
  - cairo >=1.18.4,<2.0a0
  - graphite2 >=1.3.15,<2.0a0
  - icu >=78.3,<79.0a0
  - libexpat >=2.8.1,<3.0a0
  - libfreetype >=2.14.3
  - libfreetype6 >=2.14.3
  - libglib >=2.88.3,<3.0a0
  - libpng >=1.6.58,<1.7.0a0
  - libzlib >=1.3.2,<2.0a0
  - ucrt >=10.0.20348.0
  - vc >=14.3,<15
  - vc14_runtime >=14.44.35208
  license: MIT
  license_family: MIT
  run_exports: {}
  size: 1053822
  timestamp: 1787795353946
- conda: https://conda.anaconda.org/conda-forge/win-64/libharfbuzz-devel-14.4.0-h03b5201_0.conda
  sha256: 3e391c711a2298caffaeaf91bc354335d76a9bbee67340194c244691a36b4df3
  md5: b606fe338501dbe13ce4351f66d16b51
  depends:
  - cairo >=1.18.4,<2.0a0
  - freetype
  - glib
  - graphite2 >=1.3.15,<2.0a0
  - icu >=78.3,<79.0a0
  - libexpat >=2.8.1,<3.0a0
  - libfreetype >=2.14.3
  - libfreetype6 >=2.14.3
  - libglib >=2.88.3,<3.0a0
  - libharfbuzz 14.4.0 h03b5201_0
  - libpng >=1.6.58,<1.7.0a0
  - libzlib >=1.3.2,<2.0a0
  - ucrt >=10.0.20348.0
  - vc >=14.3,<15
  - vc14_runtime >=14.44.35208
  license: MIT
  license_family: MIT
  run_exports:
    weak:
    - libharfbuzz >=14.4.0
  size: 325583
  timestamp: 1787795387253
- conda: https://conda.anaconda.org/conda-forge/win-64/libhwy-1.4.0-h2419aca_1.conda
  sha256: a6dc4360c00eca941d31ad94e8e4a102f38ce9de1668fac83118f1ad457577d2
  md5: 972a4e44d5a8c3447769414fd3518d5d
  depends:
  - ucrt >=10.0.20348.0
  - vc >=14.3,<15
  - vc14_runtime >=14.44.35208
  license: Apache-2.0 OR BSD-3-Clause
  run_exports:
    weak:
    - libhwy >=1.4.0,<1.5.0a0
  size: 563336
  timestamp: 1787282448113
- conda: https://conda.anaconda.org/conda-forge/win-64/libiconv-1.18-hc1393d2_3.conda
  sha256: 35e04e3ddac7720fc7c550a1c9f998604299d6a7bd1f3ec9b2825d825061daa2
  md5: a8a2abdf0f901bc4779d9b7be0845921
  depends:
  - ucrt >=10.0.20348.0
  - vc >=14.3,<15
  - vc14_runtime >=14.44.35208
  license: LGPL-2.1-only
  run_exports:
    weak:
    - libiconv >=1.18,<2.0a0
  size: 694899
  timestamp: 1787033851701
- conda: https://conda.anaconda.org/conda-forge/win-64/libintl-0.22.5-h5728263_4.conda
  sha256: 85b50be2209f3b8a873830ec9894477d260f4c7ba9540e65959f5812bf7219f8
  md5: 36d6e0045173974521fabd42bd5033d6
  depends:
  - libiconv >=1.18,<2.0a0
  license: LGPL-2.1-or-later
  run_exports:
    weak:
    - libintl >=0.22.5,<1.0a0
  size: 96669
  timestamp: 1787841116808
- conda: https://conda.anaconda.org/conda-forge/win-64/libintl-devel-0.22.5-h5728263_4.conda
  sha256: b8d12a5661331ff91da2faff3d62bec2703317b5c4630685a67d657d1570931b
  md5: 221ab9cd4a37b69000ada916ce209355
  depends:
  - libiconv >=1.18,<2.0a0
  - libintl 0.22.5 h5728263_4
  license: LGPL-2.1-or-later
  run_exports:
    weak:
    - libintl >=0.22.5,<1.0a0
  size: 42414
  timestamp: 1787841194162
- conda: https://conda.anaconda.org/conda-forge/win-64/libjpeg-turbo-3.2.0-hfd05255_1.conda
  sha256: df78ab4c0eecb3dd9331898f96baeed8e5ca1c363346332517abeb0b614b9a53
  md5: fc2c23bacefd1e733f1e1d6cd3b2aaeb
  depends:
  - ucrt >=10.0.20348.0
  - vc >=14.3,<15
  - vc14_runtime >=14.44.35208
  constrains:
  - jpeg <0.0.0a
  license: IJG AND BSD-3-Clause AND Zlib
  run_exports:
    weak:
    - libjpeg-turbo >=3.2.0,<4.0a0
  size: 990125
  timestamp: 1785896494014
- conda: https://conda.anaconda.org/conda-forge/win-64/libjxl-0.12.0-h932607e_2.conda
  sha256: c0381a39fd601430ebe7e2686543f5b1685d2374d8bb7be0aabf4d4705327efa
  md5: cf415a2296a1d862e93559645c91fd30
  depends:
  - vc >=14.3,<15
  - vc14_runtime >=14.44.35208
  - ucrt >=10.0.20348.0
  - libhwy >=1.4.0,<1.5.0a0
  - libbrotlienc >=1.2.0,<1.3.0a0
  - libbrotlidec >=1.2.0,<1.3.0a0
  license: BSD-3-Clause
  license_family: BSD
  run_exports:
    weak:
    - libjxl >=0.12.0,<0.13.0a0
  size: 1199700
  timestamp: 1786691396735
- conda: https://conda.anaconda.org/conda-forge/win-64/liblzma-5.8.3-hfd05255_1.conda
  sha256: d36c4a1e1f80fd08e18a407e03622ff2f34dfdd022da6488ad19603dea19e6d5
  md5: 880a0c8549479b198af21ba5dc49b109
  depends:
  - ucrt >=10.0.20348.0
  - vc >=14.3,<15
  - vc14_runtime >=14.44.35208
  constrains:
  - xz 5.8.3.*
  license: 0BSD
  run_exports:
    weak:
    - liblzma >=5.8.3,<6.0a0
  size: 105809
  timestamp: 1786348717883
- conda: https://conda.anaconda.org/conda-forge/win-64/libmpdec-4.0.0-hfd05255_2.conda
  sha256: f07e451de3db1836b87f7aedf95c8e65cdb06c0e6105329ba24bb5f7b5c75e2a
  md5: 5ae92fd6614edd024576e14069d7ad4c
  depends:
  - ucrt >=10.0.20348.0
  - vc >=14.3,<15
  - vc14_runtime >=14.44.35208
  license: BSD-2-Clause
  license_family: BSD
  run_exports: {}
  size: 89109
  timestamp: 1786650384519
- conda: https://conda.anaconda.org/conda-forge/win-64/libogg-1.3.5-h2466b09_1.conda
  sha256: c63e5fb169dbd192aacdcee6e37235407f106b8ca9c9036942a25e0366cbc73c
  md5: b67ed8c9ca072695ff482e50d888a523
  depends:
  - vc >=14.2,<15
  - vc14_runtime >=14.29.30139
  - ucrt >=10.0.20348.0
  - vc >=14.2,<15
  - vc14_runtime >=14.29.30139
  - ucrt >=10.0.20348.0
  license: BSD-3-Clause
  license_family: BSD
  run_exports:
    weak:
    - libogg >=1.3.5,<1.4.0a0
  size: 35040
  timestamp: 1745826086628
- conda: https://conda.anaconda.org/conda-forge/win-64/libopus-1.6.1-h6a83c73_1.conda
  sha256: 0ca8a5f9c6505344d3c57068b50d2cfffe497e3ce1aa697deb46d8ab502d3cfa
  md5: 4879aae1cb275721f9f9429db296b250
  depends:
  - vc >=14.3,<15
  - vc14_runtime >=14.44.35208
  - ucrt >=10.0.20348.0
  license: BSD-3-Clause
  license_family: BSD
  run_exports:
    weak:
    - libopus >=1.6.1,<2.0a0
  size: 307647
  timestamp: 1787247516123
- conda: https://conda.anaconda.org/conda-forge/win-64/libpng-1.6.58-hdc8cecf_1.conda
  sha256: 8c49c32adf3ba2c59783630b82377f54ab72204ea99e2bafc90a47a8e25c1032
  md5: 5aa7348e73691187c81d51616f17e48a
  depends:
  - vc >=14.3,<15
  - vc14_runtime >=14.44.35208
  - ucrt >=10.0.20348.0
  - libzlib >=1.3.2,<2.0a0
  license: zlib-acknowledgement
  run_exports:
    weak:
    - libpng >=1.6.58,<1.7.0a0
  size: 385462
  timestamp: 1786616543374
- conda: https://conda.anaconda.org/conda-forge/win-64/libpython-3.14.7-h4f90d01_104_cp314.conda
  build_number: 104
  sha256: 4ffd32fd57d21d4aef34ce82dd7b5ab0248260d0481a26fff64a411f7ea9858b
  md5: 83748d09d722103f7aa891ecfa13d672
  depends:
  - ucrt >=10.0.20348.0
  - vc >=14.3,<15
  - vc14_runtime >=14.44.35208
  license: Python-2.0
  run_exports: {}
  size: 51176
  timestamp: 1788162060329
- conda: https://conda.anaconda.org/conda-forge/win-64/librsvg-2.62.3-h15cfe45_0.conda
  sha256: 6f678be6074b79fe754660d16857a6edba73dd197ad92086250dc38c11b179ab
  md5: 3fffc63af7b943cde57aa72f5ffe6048
  depends:
  - cairo >=1.18.4,<2.0a0
  - gdk-pixbuf >=2.44.6,<3.0a0
  - harfbuzz >=14.2.0
  - libglib >=2.88.1,<3.0a0
  - libxml2-16 >=2.14.6
  - pango >=1.56.4,<2.0a0
  - ucrt >=10.0.20348.0
  - vc >=14.3,<15
  - vc14_runtime >=14.44.35208
  license: LGPL-2.1-or-later
  run_exports:
    weak:
    - librsvg >=2.62.3,<3.0a0
  size: 3361405
  timestamp: 1780451179155
- conda: https://conda.anaconda.org/conda-forge/win-64/libsqlite-3.53.4-hf5d6505_1.conda
  sha256: 0a45d7c0f20146fff787a106f8fa187872e309c70975ff8f0936e188914c26ad
  md5: a72d495965b144bb7da033642d389047
  depends:
  - ucrt >=10.0.20348.0
  - vc >=14.3,<15
  - vc14_runtime >=14.44.35208
  license: blessing
  run_exports:
    weak:
    - libsqlite >=3.53.4,<4.0a0
  size: 1314919
  timestamp: 1787051140039
- conda: https://conda.anaconda.org/conda-forge/win-64/libtiff-4.7.2-h8f73337_1.conda
  sha256: 3575a092e3e52625a1767804a4ebd321becaadf61b63dcd6735ebb88c0b3c359
  md5: 970dbe48f843e7fbd179a9b6c22f865a
  depends:
  - lerc >=4.2.0,<5.0a0
  - libdeflate >=1.25,<1.26.0a0
  - libjpeg-turbo >=3.2.0,<4.0a0
  - liblzma >=5.8.3,<6.0a0
  - libzlib >=1.3.2,<2.0a0
  - ucrt >=10.0.20348.0
  - vc >=14.3,<15
  - vc14_runtime >=14.44.35208
  - zstd >=1.5.7,<1.6.0a0
  license: HPND
  run_exports:
    weak:
    - libtiff >=4.7.2,<4.8.0a0
  size: 1014211
  timestamp: 1787755773611
- conda: https://conda.anaconda.org/conda-forge/win-64/libusb-1.0.29-h1839187_0.conda
  sha256: 9837f8e8de20b6c9c033561cd33b4554cd551b217e3b8d2862b353ed2c23d8b8
  md5: a656b2c367405cd24988cf67ff2675aa
  depends:
  - vc >=14.2,<15
  - vc14_runtime >=14.29.30139
  - ucrt >=10.0.20348.0
  - vc >=14.2,<15
  - vc14_runtime >=14.29.30139
  - ucrt >=10.0.20348.0
  license: LGPL-2.1-or-later
  run_exports:
    weak:
    - libusb >=1.0.29,<2.0a0
  size: 118204
  timestamp: 1748856290542
- conda: https://conda.anaconda.org/conda-forge/win-64/libvorbis-1.3.7-h5112557_2.conda
  sha256: 429124709c73b2e8fae5570bdc6b42f5418a7551ba72e591bb960b752e87b365
  md5: 42a8a56c60882da5d451aa95b8455111
  depends:
  - libogg
  - vc >=14.3,<15
  - vc14_runtime >=14.44.35208
  - ucrt >=10.0.20348.0
  - vc >=14.3,<15
  - vc14_runtime >=14.44.35208
  - ucrt >=10.0.20348.0
  - libogg >=1.3.5,<1.4.0a0
  license: BSD-3-Clause
  license_family: BSD
  run_exports:
    weak:
    - libvorbis >=1.3.7,<1.4.0a0
  size: 243401
  timestamp: 1753879416570
- conda: https://conda.anaconda.org/conda-forge/win-64/libvulkan-loader-1.4.357.0-h477610d_2.conda
  sha256: 4b094443126c5fc38d200eb0ea335b67e64d966d7aa737bb3141217a787b0c73
  md5: aaeed7feddbfd7454f8853a5eae8d902
  depends:
  - vc >=14.3,<15
  - vc14_runtime >=14.44.35208
  - ucrt >=10.0.20348.0
  constrains:
  - libvulkan-headers 1.4.357.0.*
  license: Apache-2.0
  license_family: APACHE
  run_exports:
    weak:
    - libvulkan-loader >=1.4.357.0,<2.0a0
  size: 288787
  timestamp: 1787491929908
- conda: https://conda.anaconda.org/conda-forge/win-64/libwebp-base-1.6.0-h4d5522a_1.conda
  sha256: 4470d98d3178b0d45492eed4808afe421d2e7808352b8d06c2dc29166b75d94d
  md5: 35a9475e4cc999d52921f57c181979fc
  depends:
  - ucrt >=10.0.20348.0
  - vc >=14.3,<15
  - vc14_runtime >=14.44.35208
  constrains:
  - libwebp 1.6.0
  license: BSD-3-Clause
  license_family: BSD
  run_exports:
    weak:
    - libwebp-base >=1.6.0,<2.0a0
  size: 278886
  timestamp: 1785954716703
- conda: https://conda.anaconda.org/conda-forge/win-64/libxml2-16-2.15.3-h3cfd58e_1.conda
  sha256: 8163de24a7ddb4ebf9587c3a45ba950caf3690b9646b76f007ca15e6e52b5881
  md5: 6e7dadff3f3bde2d29d29a3ec34f2d58
  depends:
  - icu >=78.3,<79.0a0
  - libiconv >=1.18,<2.0a0
  - liblzma >=5.8.3,<6.0a0
  - libzlib >=1.3.2,<2.0a0
  - ucrt >=10.0.20348.0
  - vc >=14.3,<15
  - vc14_runtime >=14.44.35208
  constrains:
  - libxml2 2.15.3
  license: MIT
  license_family: MIT
  run_exports: {}
  size: 519962
  timestamp: 1787237653321
- conda: https://conda.anaconda.org/conda-forge/win-64/libxml2-2.15.3-h8ef44ab_1.conda
  sha256: a83e9adcf7c50f20289dc6890707c8e4e84151b4204b0f7344998138807458d1
  md5: 45a5a1c709a69f14cf176220788d18a9
  depends:
  - icu >=78.3,<79.0a0
  - libiconv >=1.18,<2.0a0
  - liblzma >=5.8.3,<6.0a0
  - libxml2-16 2.15.3 h3cfd58e_1
  - libzlib >=1.3.2,<2.0a0
  - ucrt >=10.0.20348.0
  - vc >=14.3,<15
  - vc14_runtime >=14.44.35208
  license: MIT
  license_family: MIT
  run_exports:
    weak:
    - libxml2
    - libxml2-16 >=2.15.3
  size: 43610
  timestamp: 1787237661577
- conda: https://conda.anaconda.org/conda-forge/win-64/libzlib-1.3.2-hfd05255_3.conda
  sha256: 0629c2cc0404d3bb29d6baa7b4ba62da80797015e86de050db81ea5a07050527
  md5: 5d2ff29d465097458cc3ff6569151991
  depends:
  - ucrt >=10.0.20348.0
  - vc >=14.3,<15
  - vc14_runtime >=14.44.35208
  constrains:
  - zlib 1.3.2 *_3
  license: Zlib
  license_family: Other
  run_exports:
    weak:
    - libzlib >=1.3.2,<2.0a0
  size: 58529
  timestamp: 1785276664143
- conda: https://conda.anaconda.org/conda-forge/win-64/mpg123-1.33.7-ha58212f_1.conda
  sha256: c8a4c4580179383855c826b57720ecd10b4f526f19a7da63645cef50769069ba
  md5: 2f3657f970f5f696af4b3d7c3ec147e3
  depends:
  - ucrt >=10.0.20348.0
  - vc >=14.3,<15
  - vc14_runtime >=14.44.35208
  license: LGPL-2.1-only
  license_family: LGPL
  run_exports:
    weak:
    - mpg123 >=1.33.7,<1.34.0a0
  size: 267420
  timestamp: 1787311552771
- conda: https://conda.anaconda.org/conda-forge/win-64/openh264-2.6.0-h1eab103_2.conda
  sha256: 4393c06ab364a873b03b1f090d9392dadeee9fce636194c04507b2a7626698ba
  md5: 2aba509ce4f4954e3b9967647be4c2ed
  depends:
  - ucrt >=10.0.20348.0
  - vc >=14.3,<15
  - vc14_runtime >=14.44.35208
  license: BSD-2-Clause
  license_family: BSD
  run_exports:
    weak:
    - openh264 >=2.6.0,<2.6.1.0a0
  size: 424991
  timestamp: 1787273957587
- conda: https://conda.anaconda.org/conda-forge/win-64/openssl-3.6.4-hf411b9b_0.conda
  sha256: 9dddb559ba49744d5d94092d8d13cb0567f5c3b3f439f3acf28433d1f4256acc
  md5: 73cb1783f47c452be4c309430fbef89f
  depends:
  - ca-certificates
  - ucrt >=10.0.20348.0
  - vc >=14.3,<15
  - vc14_runtime >=14.44.35208
  license: Apache-2.0
  license_family: Apache
  run_exports:
    weak:
    - openssl >=3.6.4,<4.0a0
  size: 9474879
  timestamp: 1787699876495
- conda: https://conda.anaconda.org/conda-forge/win-64/pango-1.58.2-h13911b6_0.conda
  sha256: 85fc9c2a3b805d7ad784b6b307f4cf4833d3525ab409a7f86262d476a67d441f
  md5: 22d750d2ebf4109bc66c036f1e52b982
  depends:
  - cairo >=1.18.4,<2.0a0
  - fontconfig >=2.18.2,<3.0a0
  - fonts-conda-ecosystem
  - fribidi >=1.0.16,<2.0a0
  - libexpat >=2.8.1,<3.0a0
  - libfreetype >=2.14.3
  - libfreetype6 >=2.14.3
  - libglib >=2.88.3,<3.0a0
  - libharfbuzz >=14.3.0
  - libpng >=1.6.58,<1.7.0a0
  - libzlib >=1.3.2,<2.0a0
  - ucrt >=10.0.20348.0
  - vc >=14.2,<15
  - vc14_runtime >=14.29.30139
  license: LGPL-2.1-or-later
  run_exports:
    weak:
    - pango >=1.58.2,<2.0a0
  size: 466294
  timestamp: 1786107518608
- conda: https://conda.anaconda.org/conda-forge/win-64/pcre2-10.47-h8466c1e_1.conda
  sha256: d8e9ea26b52a09d880d1e5371830c8dd5b4c099a6db64dbdf8236440744b7499
  md5: 009af999dbe2d1db36a37187a4ca4eb4
  depends:
  - bzip2 >=1.0.8,<2.0a0
  - libzlib >=1.3.2,<2.0a0
  - ucrt >=10.0.20348.0
  - vc >=14.3,<15
  - vc14_runtime >=14.44.35208
  license: BSD-3-Clause
  license_family: BSD
  run_exports:
    weak:
    - pcre2 >=10.47,<10.48.0a0
  size: 993241
  timestamp: 1787294653206
- conda: https://conda.anaconda.org/conda-forge/win-64/pixman-0.46.4-h5112557_3.conda
  sha256: cad8b94c2b00264a15d469eed6dc53aac1c59c6d46f27ad1d91bfaf227cf136a
  md5: 27c5be39d9e4d25fe85b89a069360d1e
  depends:
  - vc >=14.3,<15
  - vc14_runtime >=14.44.35208
  - ucrt >=10.0.20348.0
  license: MIT
  license_family: MIT
  run_exports:
    weak:
    - pixman >=0.46.4,<1.0a0
  size: 257473
  timestamp: 1786106677325
- conda: https://conda.anaconda.org/conda-forge/win-64/python-3.14.7-h53f6dd8_104_cp314.conda
  build_number: 104
  sha256: 70c04a977ba943691cc9ff9c7cbe4326b3e9bd27a5a040184ca892192d6e3143
  md5: 00cc3f77b4714fd8f297d8f51762bbaf
  depends:
  - bzip2 >=1.0.8,<2.0a0
  - libexpat >=2.8.1,<3.0a0
  - libffi >=3.7.0,<3.8.0a0
  - liblzma >=5.8.3,<6.0a0
  - libmpdec >=4.0.0,<5.0a0
  - libpython 3.14.7 h4f90d01_104_cp314
  - libsqlite >=3.53.4,<4.0a0
  - libzlib >=1.3.2,<2.0a0
  - openssl >=3.5.8,<4.0a0
  - python_abi 3.14.* *_cp314
  - tk >=8.6.13,<8.7.0a0
  - tzdata
  - ucrt >=10.0.20348.0
  - vc >=14.3,<15
  - vc14_runtime >=14.44.35208
  - zstd >=1.5.7,<1.6.0a0
  license: Python-2.0
  run_exports:
    weak:
    - python_abi 3.14.* *_cp314
    noarch:
    - python
  size: 18570404
  timestamp: 1788162197665
  python_site_packages_path: Lib/site-packages
- conda: https://conda.anaconda.org/conda-forge/win-64/sdl2-2.32.56-h5112557_0.conda
  sha256: d17da21386bdbf32bce5daba5142916feb95eed63ef92b285808c765705bbfd2
  md5: 4cffbfebb6614a1bff3fc666527c25c7
  depends:
  - vc >=14.3,<15
  - vc14_runtime >=14.44.35208
  - ucrt >=10.0.20348.0
  - vc >=14.3,<15
  - vc14_runtime >=14.44.35208
  - ucrt >=10.0.20348.0
  - sdl3 >=3.2.22,<4.0a0
  license: Zlib
  run_exports:
    weak:
    - sdl2 >=2.32.56,<3.0a0
  size: 572101
  timestamp: 1757842925694
- conda: https://conda.anaconda.org/conda-forge/win-64/sdl3-3.4.14-h5112557_0.conda
  sha256: bb70cacf72c45481ebe534d49c8c0b0ad5f72afa69d21ff741186db19f67f4b9
  md5: a9448d016627e0ff20e20fd6bbe7a928
  depends:
  - vc >=14.3,<15
  - vc14_runtime >=14.44.35208
  - ucrt >=10.0.20348.0
  - libvulkan-loader >=1.4.357.0,<2.0a0
  - libusb >=1.0.29,<2.0a0
  license: Zlib
  run_exports:
    weak:
    - sdl3 >=3.4.14,<4.0a0
  size: 1680176
  timestamp: 1785816137266
- conda: https://conda.anaconda.org/conda-forge/win-64/svt-av1-4.2.0-hac47afa_1.conda
  sha256: 89fe9bc6b00fffe5058d43a520c0047f36f683bd4442bfb50c43a2f530d36344
  md5: 3f642f6ef57c8b99b7337f85a2e874c0
  depends:
  - ucrt >=10.0.20348.0
  - vc >=14.3,<15
  - vc14_runtime >=14.44.35208
  license: BSD-2-Clause
  license_family: BSD
  run_exports:
    weak:
    - svt-av1 >=4.2.0,<4.2.1.0a0
  size: 1834349
  timestamp: 1787256303648
- conda: https://conda.anaconda.org/conda-forge/win-64/tk-8.6.13-h967ab96_4.conda
  sha256: f19618a3a82cc483dacf1c70a30367ee7b0c7e71b90f1f80e14feff44fbd3688
  md5: dd9eb33c99d352b6356f86964d6040f7
  depends:
  - vc >=14.3,<15
  - vc14_runtime >=14.44.35208
  - ucrt >=10.0.20348.0
  license: TCL
  run_exports:
    weak:
    - tk >=8.6.13,<8.7.0a0
  size: 3782376
  timestamp: 1787272860855
- conda: https://conda.anaconda.org/conda-forge/win-64/ucrt-10.0.26100.0-h57928b3_0.conda
  sha256: 3005729dce6f3d3f5ec91dfc49fc75a0095f9cd23bab49efb899657297ac91a5
  md5: 71b24316859acd00bdb8b38f5e2ce328
  constrains:
  - vc14_runtime >=14.29.30037
  - vs2015_runtime >=14.29.30037
  license: LicenseRef-MicrosoftWindowsSDK10
  run_exports: {}
  size: 694692
  timestamp: 1756385147981
- conda: https://conda.anaconda.org/conda-forge/win-64/vc-14.5-ha367084_41.conda
  sha256: 35444c55a92e2f7f7ba26bc70f81e56e52344f7d064c0fd4b40a46a58517b79c
  md5: aa805b5522c2a98fa286e551a1f48546
  depends:
  - vc14_runtime >=14.51.36247
  track_features:
  - vc14
  license: BSD-3-Clause
  license_family: BSD
  run_exports: {}
  size: 21383
  timestamp: 1785359368566
- conda: https://conda.anaconda.org/conda-forge/win-64/vc14_runtime-14.51.36247-habf1de7_41.conda
  sha256: 4e4cb599cdc41bf2109d1464c127b5bcbddf548ce3e322e612afb691338b48f8
  md5: ac5333bb3d429361f23adf704cc49a78
  depends:
  - ucrt >=10.0.20348.0
  - vcomp14 14.51.36247 habf1de7_41
  constrains:
  - vs2015_runtime 14.51.36247.* *_41
  license: LicenseRef-MicrosoftVisualCpp2015-2022Runtime
  license_family: Proprietary
  run_exports: {}
  size: 767955
  timestamp: 1785359364369
- conda: https://conda.anaconda.org/conda-forge/win-64/vcomp14-14.51.36247-habf1de7_41.conda
  sha256: 731e043390c9457299484d39e427221fc868a9249540a498a5a4f6456c7744d1
  md5: 350bb67a5c8e5f1c53347ac544ab6600
  depends:
  - ucrt >=10.0.20348.0
  constrains:
  - vs2015_runtime 14.51.36247.* *_41
  license: LicenseRef-MicrosoftVisualCpp2015-2022Runtime
  license_family: Proprietary
  run_exports:
    strong:
    - vcomp14 >=14.51.36247
  size: 155910
  timestamp: 1785359349999
- conda: https://conda.anaconda.org/conda-forge/win-64/vs2015_runtime-14.51.36247-h633cb9f_41.conda
  sha256: ee0ae67c96b80b9fdb50c3f617c6329dbcdf1562d0267604f6c0e24f494431d6
  md5: 21504569fa34b5d3a67760219e3ff1cc
  depends:
  - vc14_runtime >=14.51.36247
  license: BSD-3-Clause
  license_family: BSD
  run_exports: {}
  size: 21386
  timestamp: 1785359368990
- conda: https://conda.anaconda.org/conda-forge/win-64/x264-1!164.3095-h8ffe710_2.tar.bz2
  sha256: 97166b318f8c68ffe4d50b2f4bd36e415219eeaef233e7d41c54244dc6108249
  md5: 19e39905184459760ccb8cf5c75f148b
  depends:
  - vc >=14.1,<15
  - vs2015_runtime >=14.16.27033
  license: GPL-2.0-or-later
  license_family: GPL
  run_exports:
    weak:
    - x264 >=1!164.3095,<1!165
  size: 1041889
  timestamp: 1660323726084
- conda: https://conda.anaconda.org/conda-forge/win-64/x265-3.5-h2d74725_3.tar.bz2
  sha256: 02b9874049112f2b7335c9a3e880ac05d99a08d9a98160c5a98898b2b3ac42b2
  md5: ca7129a334198f08347fb19ac98a2de9
  depends:
  - vc >=14.1,<15
  - vs2015_runtime >=14.16.27033
  license: GPL-2.0-or-later
  license_family: GPL
  run_exports:
    weak:
    - x265 >=3.5,<3.6.0a0
  size: 5517425
  timestamp: 1646611941216
- conda: https://conda.anaconda.org/conda-forge/win-64/zlib-1.3.2-hfd05255_3.conda
  sha256: 5a0b55df66ff07b4342e04967cef69f8bf348f6a0fb1cc1eca741c7b015dfe77
  md5: 945092a9bc1d0f250f7d5ecf51ecd471
  depends:
  - libzlib 1.3.2 hfd05255_3
  - ucrt >=10.0.20348.0
  - vc >=14.3,<15
  - vc14_runtime >=14.44.35208
  license: Zlib
  license_family: Other
  run_exports:
    weak:
    - libzlib >=1.3.2,<2.0a0
  size: 851288
  timestamp: 1785276674755
- conda: https://conda.anaconda.org/conda-forge/win-64/zstd-1.5.7-h534d264_7.conda
  sha256: ca7daae4f218a11fab82cc2857f0ea518ec3f46acec60490485347a4c22c6b3e
  md5: e4ac308c39d6d0e131154976da67cf3b
  depends:
  - vc >=14.3,<15
  - vc14_runtime >=14.44.35208
  - ucrt >=10.0.20348.0
  - libzlib >=1.3.2,<2.0a0
  license: BSD-3-Clause
  license_family: BSD
  run_exports:
    weak:
    - zstd >=1.5.7,<1.6.0a0
  size: 387535
  timestamp: 1786599623274
